PODS:
  - JSONModel (1.7.0)
  - Masonry (1.0.2)
  - ReactiveObjC (2.1.2)
  - Reveal-iOS-SDK (1.6.2)
  - SMPageControl (1.2)
  - TXFire (1.0.0):
    - ReactiveObjC

DEPENDENCIES:
  - JSONModel
  - Masonry
  - ReactiveObjC
  - Reveal-iOS-SDK
  - SMPageControl
  - TXFire

SPEC CHECKSUMS:
  JSONModel: 840bc0fcffb24b8454d2c026bf26fea454b8e98d
  Masonry: 7c429b56da9d4ee0bbb3ed77a5ea710d6a5df39e
  ReactiveObjC: 7b6782ae39f9ac0f57205c3b0c0b69b9dd7048c0
  Reveal-iOS-SDK: e2250b3c155bcfac53ae223ddc1f76d08f206c33
  SMPageControl: 922892813001cfaf059e86e6801f46a967e9ee29
  TXFire: c19f8c3f00fbb9ed254636cfe1b2691e9eafd4dd

PODFILE CHECKSUM: 4e4c8f904752b7cc61dd66291a636f11be749b76

COCOAPODS: 1.2.0
