// !$*UTF8*$!
{
	archiveVersion = 1;
	classes = {
	};
	objectVersion = 46;
	objects = {

/* Begin PBXBuildFile section */
		3F6EC8E7AE964D1787067A3C /* libPods-base.a in Frameworks */ = {isa = PBXBuildFile; fileRef = 51951871AE991C9C8BB13A54 /* libPods-base.a */; };
		4BBA6E78A8E53E1B1C048C23 /* libPods-baseTests.a in Frameworks */ = {isa = PBXBuildFile; fileRef = EA653DA660CB6E64DB71699B /* libPods-baseTests.a */; };
		4DC600CCCADD1F4D46F26DBD /* libPods-baseUITests.a in Frameworks */ = {isa = PBXBuildFile; fileRef = 6CD56D0B24D1521EA27F9150 /* libPods-baseUITests.a */; };
		B708A3491E8BC4EF00D1AA57 /* CNBViewController.m in Sources */ = {isa = PBXBuildFile; fileRef = B708A3481E8BC4EF00D1AA57 /* CNBViewController.m */; };
		B708A34C1E8BC69D00D1AA57 /* InteractivePopDelegateProxy.m in Sources */ = {isa = PBXBuildFile; fileRef = B708A34B1E8BC69D00D1AA57 /* InteractivePopDelegateProxy.m */; };
		B708A34F1E8CB4CA00D1AA57 /* UINavigationController+Base.m in Sources */ = {isa = PBXBuildFile; fileRef = B708A34E1E8CB4CA00D1AA57 /* UINavigationController+Base.m */; };
		B7160DC41EAF64FE00A55702 /* WebsiteDataStore.m in Sources */ = {isa = PBXBuildFile; fileRef = B7160DC31EAF64FE00A55702 /* WebsiteDataStore.m */; };
		B7429F781EACA451001B1C97 /* RACSignal+Util.m in Sources */ = {isa = PBXBuildFile; fileRef = B7429F771EACA451001B1C97 /* RACSignal+Util.m */; };
		B7511E281EA9E5F200A5A972 /* Profile.m in Sources */ = {isa = PBXBuildFile; fileRef = B7511E271EA9E5F200A5A972 /* Profile.m */; };
		B7534FA51EA0A72A00C94516 /* AccessToken.m in Sources */ = {isa = PBXBuildFile; fileRef = B7534FA41EA0A72A00C94516 /* AccessToken.m */; };
		B7534FAA1EA0B25800C94516 /* NSString+Validation.m in Sources */ = {isa = PBXBuildFile; fileRef = B7534FA91EA0B25800C94516 /* NSString+Validation.m */; };
		B7534FAC1EA0B39F00C94516 /* RegexTests.m in Sources */ = {isa = PBXBuildFile; fileRef = B7534FAB1EA0B39F00C94516 /* RegexTests.m */; };
		B7534FAF1EA0B55800C94516 /* SeparatorTextView.m in Sources */ = {isa = PBXBuildFile; fileRef = B7534FAE1EA0B55800C94516 /* SeparatorTextView.m */; };
		B7534FB21EA0B57900C94516 /* CoreTextField.m in Sources */ = {isa = PBXBuildFile; fileRef = B7534FB11EA0B57900C94516 /* CoreTextField.m */; };
		B757C91E1E7280F30081C4CF /* Network.m in Sources */ = {isa = PBXBuildFile; fileRef = B757C91D1E7280F30081C4CF /* Network.m */; };
		B76BB4081E9F59E000F1EC6A /* RouterRequest.m in Sources */ = {isa = PBXBuildFile; fileRef = B76BB4071E9F59E000F1EC6A /* RouterRequest.m */; };
		B76BB4121E9F59E700F1EC6A /* RouterRegistry.m in Sources */ = {isa = PBXBuildFile; fileRef = B76BB40C1E9F59E700F1EC6A /* RouterRegistry.m */; };
		B76BB4141E9F59E700F1EC6A /* RouterManager.m in Sources */ = {isa = PBXBuildFile; fileRef = B76BB4101E9F59E700F1EC6A /* RouterManager.m */; };
		B775BEBA1EAB5DF1003EBABC /* ProfileAutoLoader.m in Sources */ = {isa = PBXBuildFile; fileRef = B775BEB91EAB5DF1003EBABC /* ProfileAutoLoader.m */; };
		B78FC45D1E6E8BCE007F33CA /* main.m in Sources */ = {isa = PBXBuildFile; fileRef = B78FC45C1E6E8BCE007F33CA /* main.m */; };
		B78FC4601E6E8BCE007F33CA /* AppDelegate.m in Sources */ = {isa = PBXBuildFile; fileRef = B78FC45F1E6E8BCE007F33CA /* AppDelegate.m */; };
		B78FC46E1E6E8BCE007F33CA /* baseTests.m in Sources */ = {isa = PBXBuildFile; fileRef = B78FC46D1E6E8BCE007F33CA /* baseTests.m */; };
		B78FC4791E6E8BCE007F33CA /* baseUITests.m in Sources */ = {isa = PBXBuildFile; fileRef = B78FC4781E6E8BCE007F33CA /* baseUITests.m */; };
		B78FC4871E6E8C66007F33CA /* Assets.xcassets in Resources */ = {isa = PBXBuildFile; fileRef = B78FC45A1E6E8BCE007F33CA /* Assets.xcassets */; };
		B78FC48D1E6E93F5007F33CA /* PagingViewController.m in Sources */ = {isa = PBXBuildFile; fileRef = B78FC48C1E6E93F5007F33CA /* PagingViewController.m */; };
		B78FC4A71E6F9DB7007F33CA /* UIColor+BaseStyle.m in Sources */ = {isa = PBXBuildFile; fileRef = B78FC4A41E6F9DB7007F33CA /* UIColor+BaseStyle.m */; };
		B78FC4A81E6F9DB7007F33CA /* UIFont+BaseStyle.m in Sources */ = {isa = PBXBuildFile; fileRef = B78FC4A61E6F9DB7007F33CA /* UIFont+BaseStyle.m */; };
		B78FC4AC1E6FA65F007F33CA /* UIButton+BaseCreation.m in Sources */ = {isa = PBXBuildFile; fileRef = B78FC4AB1E6FA65F007F33CA /* UIButton+BaseCreation.m */; };
		B78FC4AF1E6FA722007F33CA /* BasePagingView.m in Sources */ = {isa = PBXBuildFile; fileRef = B78FC4AE1E6FA722007F33CA /* BasePagingView.m */; };
		B78FC4C81E70F8F7007F33CA /* AFHTTPSessionManager+BaseRACSupports.m in Sources */ = {isa = PBXBuildFile; fileRef = B78FC4C71E70F8F7007F33CA /* AFHTTPSessionManager+BaseRACSupports.m */; };
		B78FC4CF1E715464007F33CA /* BaseStorage.m in Sources */ = {isa = PBXBuildFile; fileRef = B78FC4CE1E715464007F33CA /* BaseStorage.m */; };
		B78FC4D21E715949007F33CA /* BaseTmpNetworkStorage.m in Sources */ = {isa = PBXBuildFile; fileRef = B78FC4D11E715949007F33CA /* BaseTmpNetworkStorage.m */; };
		B7A89C841E76A4E20020F186 /* CustomNavigationBarViewController.m in Sources */ = {isa = PBXBuildFile; fileRef = B7A89C811E76A4E20020F186 /* CustomNavigationBarViewController.m */; };
		B7A89C851E76A4E20020F186 /* CustomNavigationBarTableViewController.m in Sources */ = {isa = PBXBuildFile; fileRef = B7A89C831E76A4E20020F186 /* CustomNavigationBarTableViewController.m */; };
		B7A89CDD1E7AC0100020F186 /* Base.bundle in Resources */ = {isa = PBXBuildFile; fileRef = B7A89CDC1E7AC0100020F186 /* Base.bundle */; };
		B7A89CE11E7AC4150020F186 /* UIApplication+Base.m in Sources */ = {isa = PBXBuildFile; fileRef = B7A89CE01E7AC4150020F186 /* UIApplication+Base.m */; };
		B7A89CF91E7B74170020F186 /* util.m in Sources */ = {isa = PBXBuildFile; fileRef = B7A89CF81E7B74170020F186 /* util.m */; };
		B7A89CFC1E7B765F0020F186 /* GIFViewController.m in Sources */ = {isa = PBXBuildFile; fileRef = B7A89CFB1E7B765E0020F186 /* GIFViewController.m */; };
		B7BC60E81E827B4000859FE6 /* UIView+NetworkFailed.m in Sources */ = {isa = PBXBuildFile; fileRef = B7BC60E71E827B4000859FE6 /* UIView+NetworkFailed.m */; };
		B7BC60EC1E827C4600859FE6 /* UIViewController+NetworkFailed.m in Sources */ = {isa = PBXBuildFile; fileRef = B7BC60EB1E827C4600859FE6 /* UIViewController+NetworkFailed.m */; };
		B7BC60F31E835CCA00859FE6 /* UIView+LoadingIndicator.m in Sources */ = {isa = PBXBuildFile; fileRef = B7BC60F21E835CCA00859FE6 /* UIView+LoadingIndicator.m */; };
		B7BC60F71E83617000859FE6 /* UIImageView+Loading.m in Sources */ = {isa = PBXBuildFile; fileRef = B7BC60F61E83617000859FE6 /* UIImageView+Loading.m */; };
		B7BC60FA1E8373A900859FE6 /* UITableViewCell+LoadingIndicator.m in Sources */ = {isa = PBXBuildFile; fileRef = B7BC60F91E8373A900859FE6 /* UITableViewCell+LoadingIndicator.m */; };
		B7BC61001E8379B800859FE6 /* UICollectionReusableView+LoadingIndicator.m in Sources */ = {isa = PBXBuildFile; fileRef = B7BC60FF1E8379B800859FE6 /* UICollectionReusableView+LoadingIndicator.m */; };
		B7BC61031E837A8800859FE6 /* UITableViewHeaderFooterView+LoadingIndicator.m in Sources */ = {isa = PBXBuildFile; fileRef = B7BC61021E837A8800859FE6 /* UITableViewHeaderFooterView+LoadingIndicator.m */; };
		B7BC61091E83A21800859FE6 /* LoadingIndicatorTableViewController.m in Sources */ = {isa = PBXBuildFile; fileRef = B7BC61081E83A21800859FE6 /* LoadingIndicatorTableViewController.m */; };
		B7BC61191E84BE6C00859FE6 /* NSString+Base.m in Sources */ = {isa = PBXBuildFile; fileRef = B7BC61181E84BE6C00859FE6 /* NSString+Base.m */; };
		B7BC61221E84CB9600859FE6 /* UIView+SeparatorLine.m in Sources */ = {isa = PBXBuildFile; fileRef = B7BC61211E84CB9600859FE6 /* UIView+SeparatorLine.m */; };
		B7BC61251E84D1F000859FE6 /* DrilldropViewController.m in Sources */ = {isa = PBXBuildFile; fileRef = B7BC61241E84D1F000859FE6 /* DrilldropViewController.m */; };
		B7BC61271E84D25100859FE6 /* filter_category@2x.png in Resources */ = {isa = PBXBuildFile; fileRef = B7BC61261E84D25100859FE6 /* filter_category@2x.png */; };
		B7BC61291E850EA300859FE6 /* filter_normal@2x.png in Resources */ = {isa = PBXBuildFile; fileRef = B7BC61281E850EA300859FE6 /* filter_normal@2x.png */; };
		B7BC612B1E850EAE00859FE6 /* filter_selected@2x.png in Resources */ = {isa = PBXBuildFile; fileRef = B7BC612A1E850EAE00859FE6 /* filter_selected@2x.png */; };
		B7BE351E1EE568F500FD1296 /* URLManager.m in Sources */ = {isa = PBXBuildFile; fileRef = B7BE351D1EE568F500FD1296 /* URLManager.m */; };
		B7C738CC1ECBF6C800FCC28A /* CustomAlertViewController.m in Sources */ = {isa = PBXBuildFile; fileRef = B7C738CB1ECBF6C800FCC28A /* CustomAlertViewController.m */; };
		B7C738CF1ECBF77300FCC28A /* MarginLabel.m in Sources */ = {isa = PBXBuildFile; fileRef = B7C738CE1ECBF77300FCC28A /* MarginLabel.m */; };
		B7C738FD1ED4091F00FCC28A /* UserAgent.m in Sources */ = {isa = PBXBuildFile; fileRef = B7C738FC1ED4091F00FCC28A /* UserAgent.m */; };
		B7C739001ED426D100FCC28A /* BaseLauncher.m in Sources */ = {isa = PBXBuildFile; fileRef = B7C738FF1ED426D100FCC28A /* BaseLauncher.m */; };
		B7C739031ED42B7000FCC28A /* RACSignal+NSURLError.m in Sources */ = {isa = PBXBuildFile; fileRef = B7C739021ED42B7000FCC28A /* RACSignal+NSURLError.m */; };
		B7C739061ED4313A00FCC28A /* AppIdentifier.m in Sources */ = {isa = PBXBuildFile; fileRef = B7C739051ED4313A00FCC28A /* AppIdentifier.m */; };
		B7C7392E1ED6867800FCC28A /* RACSignal+ResponseToModel.m in Sources */ = {isa = PBXBuildFile; fileRef = B7C7392D1ED6867800FCC28A /* RACSignal+ResponseToModel.m */; };
		B7C7393B1ED8125700FCC28A /* UIScrollView+Loading.m in Sources */ = {isa = PBXBuildFile; fileRef = B7C7393A1ED8125700FCC28A /* UIScrollView+Loading.m */; };
		B7F15EF91EA5AA1900C18CD4 /* BaseHTTPSessionManager.m in Sources */ = {isa = PBXBuildFile; fileRef = B7F15EF81EA5AA1900C18CD4 /* BaseHTTPSessionManager.m */; };
		B7F15EFC1EA5B5ED00C18CD4 /* NSError+Networking.m in Sources */ = {isa = PBXBuildFile; fileRef = B7F15EFB1EA5B5ED00C18CD4 /* NSError+Networking.m */; };
		B7FFA9D31E8DEE310070C6A2 /* UIView+NetworkLoading.m in Sources */ = {isa = PBXBuildFile; fileRef = B7FFA9D21E8DEE310070C6A2 /* UIView+NetworkLoading.m */; };
		B7FFA9D61E8DF62B0070C6A2 /* NetworkLoadingViewController.m in Sources */ = {isa = PBXBuildFile; fileRef = B7FFA9D51E8DF62B0070C6A2 /* NetworkLoadingViewController.m */; };
		B7FFA9DB1E8E66E90070C6A2 /* DrilldropMenuItem.m in Sources */ = {isa = PBXBuildFile; fileRef = B7FFA9D81E8E66E90070C6A2 /* DrilldropMenuItem.m */; };
		B7FFA9DC1E8E66E90070C6A2 /* DrilldropMenuView.m in Sources */ = {isa = PBXBuildFile; fileRef = B7FFA9DA1E8E66E90070C6A2 /* DrilldropMenuView.m */; };
		B7FFA9DF1E8E67CF0070C6A2 /* NetworkFailedView.m in Sources */ = {isa = PBXBuildFile; fileRef = B7FFA9DE1E8E67CF0070C6A2 /* NetworkFailedView.m */; };
		B7FFA9E21E8E6A860070C6A2 /* BaseNavigationController.m in Sources */ = {isa = PBXBuildFile; fileRef = B7FFA9E11E8E6A860070C6A2 /* BaseNavigationController.m */; };
		D347F4C61F3D43F100878AE4 /* UIView+ReloadAnimation.m in Sources */ = {isa = PBXBuildFile; fileRef = D347F4C51F3D43F100878AE4 /* UIView+ReloadAnimation.m */; };
		D351415B1FE2413900046D66 /* AZAlert.m in Sources */ = {isa = PBXBuildFile; fileRef = D35141591FE2413900046D66 /* AZAlert.m */; };
		D39D72481F330D7400C240EE /* RefreshActivityIndicatorViewFooter.m in Sources */ = {isa = PBXBuildFile; fileRef = D39D72471F330D7400C240EE /* RefreshActivityIndicatorViewFooter.m */; };
		D39D724B1F330E0500C240EE /* NoMoreProductsView.m in Sources */ = {isa = PBXBuildFile; fileRef = D39D724A1F330E0500C240EE /* NoMoreProductsView.m */; };
		D3D51B0B2079B2E7009316A5 /* UIFont+LQFont.m in Sources */ = {isa = PBXBuildFile; fileRef = D3D51B0A2079B2E7009316A5 /* UIFont+LQFont.m */; };
/* End PBXBuildFile section */

/* Begin PBXContainerItemProxy section */
		B78FC46A1E6E8BCE007F33CA /* PBXContainerItemProxy */ = {
			isa = PBXContainerItemProxy;
			containerPortal = B78FC44F1E6E8BCE007F33CA /* Project object */;
			proxyType = 1;
			remoteGlobalIDString = B78FC4561E6E8BCE007F33CA;
			remoteInfo = base;
		};
		B78FC4751E6E8BCE007F33CA /* PBXContainerItemProxy */ = {
			isa = PBXContainerItemProxy;
			containerPortal = B78FC44F1E6E8BCE007F33CA /* Project object */;
			proxyType = 1;
			remoteGlobalIDString = B78FC4561E6E8BCE007F33CA;
			remoteInfo = base;
		};
/* End PBXContainerItemProxy section */

/* Begin PBXFileReference section */
		0203042314BE48AA0EAD21B2 /* Pods-baseTests.release.xcconfig */ = {isa = PBXFileReference; includeInIndex = 1; lastKnownFileType = text.xcconfig; name = "Pods-baseTests.release.xcconfig"; path = "Pods/Target Support Files/Pods-baseTests/Pods-baseTests.release.xcconfig"; sourceTree = "<group>"; };
		0C6EF52B57F2C0273C9B3B00 /* Pods-base.debug.xcconfig */ = {isa = PBXFileReference; includeInIndex = 1; lastKnownFileType = text.xcconfig; name = "Pods-base.debug.xcconfig"; path = "Pods/Target Support Files/Pods-base/Pods-base.debug.xcconfig"; sourceTree = "<group>"; };
		2FCD6C2B78FB47E19896D5C9 /* Pods-baseUITests.debug.xcconfig */ = {isa = PBXFileReference; includeInIndex = 1; lastKnownFileType = text.xcconfig; name = "Pods-baseUITests.debug.xcconfig"; path = "Pods/Target Support Files/Pods-baseUITests/Pods-baseUITests.debug.xcconfig"; sourceTree = "<group>"; };
		51951871AE991C9C8BB13A54 /* libPods-base.a */ = {isa = PBXFileReference; explicitFileType = archive.ar; includeInIndex = 0; path = "libPods-base.a"; sourceTree = BUILT_PRODUCTS_DIR; };
		6CD56D0B24D1521EA27F9150 /* libPods-baseUITests.a */ = {isa = PBXFileReference; explicitFileType = archive.ar; includeInIndex = 0; path = "libPods-baseUITests.a"; sourceTree = BUILT_PRODUCTS_DIR; };
		9187FC09986539714AB4644B /* Pods-base.release.xcconfig */ = {isa = PBXFileReference; includeInIndex = 1; lastKnownFileType = text.xcconfig; name = "Pods-base.release.xcconfig"; path = "Pods/Target Support Files/Pods-base/Pods-base.release.xcconfig"; sourceTree = "<group>"; };
		B708A3471E8BC4EF00D1AA57 /* CNBViewController.h */ = {isa = PBXFileReference; fileEncoding = 4; lastKnownFileType = sourcecode.c.h; path = CNBViewController.h; sourceTree = "<group>"; };
		B708A3481E8BC4EF00D1AA57 /* CNBViewController.m */ = {isa = PBXFileReference; fileEncoding = 4; lastKnownFileType = sourcecode.c.objc; path = CNBViewController.m; sourceTree = "<group>"; };
		B708A34A1E8BC69D00D1AA57 /* InteractivePopDelegateProxy.h */ = {isa = PBXFileReference; fileEncoding = 4; lastKnownFileType = sourcecode.c.h; path = InteractivePopDelegateProxy.h; sourceTree = "<group>"; };
		B708A34B1E8BC69D00D1AA57 /* InteractivePopDelegateProxy.m */ = {isa = PBXFileReference; fileEncoding = 4; lastKnownFileType = sourcecode.c.objc; path = InteractivePopDelegateProxy.m; sourceTree = "<group>"; };
		B708A34D1E8CB4CA00D1AA57 /* UINavigationController+Base.h */ = {isa = PBXFileReference; fileEncoding = 4; lastKnownFileType = sourcecode.c.h; path = "UINavigationController+Base.h"; sourceTree = "<group>"; };
		B708A34E1E8CB4CA00D1AA57 /* UINavigationController+Base.m */ = {isa = PBXFileReference; fileEncoding = 4; lastKnownFileType = sourcecode.c.objc; path = "UINavigationController+Base.m"; sourceTree = "<group>"; };
		B7160DC21EAF64FE00A55702 /* WebsiteDataStore.h */ = {isa = PBXFileReference; fileEncoding = 4; lastKnownFileType = sourcecode.c.h; path = WebsiteDataStore.h; sourceTree = "<group>"; };
		B7160DC31EAF64FE00A55702 /* WebsiteDataStore.m */ = {isa = PBXFileReference; fileEncoding = 4; lastKnownFileType = sourcecode.c.objc; path = WebsiteDataStore.m; sourceTree = "<group>"; };
		B7429F761EACA451001B1C97 /* RACSignal+Util.h */ = {isa = PBXFileReference; fileEncoding = 4; lastKnownFileType = sourcecode.c.h; name = "RACSignal+Util.h"; path = "net/RACSignal+Util.h"; sourceTree = "<group>"; };
		B7429F771EACA451001B1C97 /* RACSignal+Util.m */ = {isa = PBXFileReference; fileEncoding = 4; lastKnownFileType = sourcecode.c.objc; name = "RACSignal+Util.m"; path = "net/RACSignal+Util.m"; sourceTree = "<group>"; };
		B7511E261EA9E5F200A5A972 /* Profile.h */ = {isa = PBXFileReference; fileEncoding = 4; lastKnownFileType = sourcecode.c.h; path = Profile.h; sourceTree = "<group>"; };
		B7511E271EA9E5F200A5A972 /* Profile.m */ = {isa = PBXFileReference; fileEncoding = 4; lastKnownFileType = sourcecode.c.objc; path = Profile.m; sourceTree = "<group>"; };
		B7534FA31EA0A72A00C94516 /* AccessToken.h */ = {isa = PBXFileReference; fileEncoding = 4; lastKnownFileType = sourcecode.c.h; path = AccessToken.h; sourceTree = "<group>"; };
		B7534FA41EA0A72A00C94516 /* AccessToken.m */ = {isa = PBXFileReference; fileEncoding = 4; lastKnownFileType = sourcecode.c.objc; path = AccessToken.m; sourceTree = "<group>"; };
		B7534FA81EA0B25800C94516 /* NSString+Validation.h */ = {isa = PBXFileReference; fileEncoding = 4; lastKnownFileType = sourcecode.c.h; path = "NSString+Validation.h"; sourceTree = "<group>"; };
		B7534FA91EA0B25800C94516 /* NSString+Validation.m */ = {isa = PBXFileReference; fileEncoding = 4; lastKnownFileType = sourcecode.c.objc; path = "NSString+Validation.m"; sourceTree = "<group>"; };
		B7534FAB1EA0B39F00C94516 /* RegexTests.m */ = {isa = PBXFileReference; fileEncoding = 4; lastKnownFileType = sourcecode.c.objc; path = RegexTests.m; sourceTree = "<group>"; };
		B7534FAD1EA0B55800C94516 /* SeparatorTextView.h */ = {isa = PBXFileReference; fileEncoding = 4; lastKnownFileType = sourcecode.c.h; path = SeparatorTextView.h; sourceTree = "<group>"; };
		B7534FAE1EA0B55800C94516 /* SeparatorTextView.m */ = {isa = PBXFileReference; fileEncoding = 4; lastKnownFileType = sourcecode.c.objc; path = SeparatorTextView.m; sourceTree = "<group>"; };
		B7534FB01EA0B57900C94516 /* CoreTextField.h */ = {isa = PBXFileReference; fileEncoding = 4; lastKnownFileType = sourcecode.c.h; path = CoreTextField.h; sourceTree = "<group>"; };
		B7534FB11EA0B57900C94516 /* CoreTextField.m */ = {isa = PBXFileReference; fileEncoding = 4; lastKnownFileType = sourcecode.c.objc; path = CoreTextField.m; sourceTree = "<group>"; };
		B757C91C1E7280F30081C4CF /* Network.h */ = {isa = PBXFileReference; fileEncoding = 4; lastKnownFileType = sourcecode.c.h; path = Network.h; sourceTree = "<group>"; };
		B757C91D1E7280F30081C4CF /* Network.m */ = {isa = PBXFileReference; fileEncoding = 4; lastKnownFileType = sourcecode.c.objc; path = Network.m; sourceTree = "<group>"; };
		B76BB4061E9F59E000F1EC6A /* RouterRequest.h */ = {isa = PBXFileReference; fileEncoding = 4; lastKnownFileType = sourcecode.c.h; path = RouterRequest.h; sourceTree = "<group>"; };
		B76BB4071E9F59E000F1EC6A /* RouterRequest.m */ = {isa = PBXFileReference; fileEncoding = 4; lastKnownFileType = sourcecode.c.objc; path = RouterRequest.m; sourceTree = "<group>"; };
		B76BB40B1E9F59E700F1EC6A /* RouterRegistry.h */ = {isa = PBXFileReference; fileEncoding = 4; lastKnownFileType = sourcecode.c.h; path = RouterRegistry.h; sourceTree = "<group>"; };
		B76BB40C1E9F59E700F1EC6A /* RouterRegistry.m */ = {isa = PBXFileReference; fileEncoding = 4; lastKnownFileType = sourcecode.c.objc; path = RouterRegistry.m; sourceTree = "<group>"; };
		B76BB40F1E9F59E700F1EC6A /* RouterManager.h */ = {isa = PBXFileReference; fileEncoding = 4; lastKnownFileType = sourcecode.c.h; path = RouterManager.h; sourceTree = "<group>"; };
		B76BB4101E9F59E700F1EC6A /* RouterManager.m */ = {isa = PBXFileReference; fileEncoding = 4; lastKnownFileType = sourcecode.c.objc; path = RouterManager.m; sourceTree = "<group>"; };
		B775BEB81EAB5DF1003EBABC /* ProfileAutoLoader.h */ = {isa = PBXFileReference; fileEncoding = 4; lastKnownFileType = sourcecode.c.h; path = ProfileAutoLoader.h; sourceTree = "<group>"; };
		B775BEB91EAB5DF1003EBABC /* ProfileAutoLoader.m */ = {isa = PBXFileReference; fileEncoding = 4; lastKnownFileType = sourcecode.c.objc; path = ProfileAutoLoader.m; sourceTree = "<group>"; };
		B78FC4571E6E8BCE007F33CA /* base.app */ = {isa = PBXFileReference; explicitFileType = wrapper.application; includeInIndex = 0; path = base.app; sourceTree = BUILT_PRODUCTS_DIR; };
		B78FC45A1E6E8BCE007F33CA /* Assets.xcassets */ = {isa = PBXFileReference; lastKnownFileType = folder.assetcatalog; path = Assets.xcassets; sourceTree = "<group>"; };
		B78FC45C1E6E8BCE007F33CA /* main.m */ = {isa = PBXFileReference; lastKnownFileType = sourcecode.c.objc; path = main.m; sourceTree = "<group>"; };
		B78FC45E1E6E8BCE007F33CA /* AppDelegate.h */ = {isa = PBXFileReference; lastKnownFileType = sourcecode.c.h; path = AppDelegate.h; sourceTree = "<group>"; };
		B78FC45F1E6E8BCE007F33CA /* AppDelegate.m */ = {isa = PBXFileReference; lastKnownFileType = sourcecode.c.objc; path = AppDelegate.m; sourceTree = "<group>"; };
		B78FC4641E6E8BCE007F33CA /* Info.plist */ = {isa = PBXFileReference; lastKnownFileType = text.plist.xml; path = Info.plist; sourceTree = "<group>"; };
		B78FC4691E6E8BCE007F33CA /* baseTests.xctest */ = {isa = PBXFileReference; explicitFileType = wrapper.cfbundle; includeInIndex = 0; path = baseTests.xctest; sourceTree = BUILT_PRODUCTS_DIR; };
		B78FC46D1E6E8BCE007F33CA /* baseTests.m */ = {isa = PBXFileReference; lastKnownFileType = sourcecode.c.objc; path = baseTests.m; sourceTree = "<group>"; };
		B78FC46F1E6E8BCE007F33CA /* Info.plist */ = {isa = PBXFileReference; lastKnownFileType = text.plist.xml; path = Info.plist; sourceTree = "<group>"; };
		B78FC4741E6E8BCE007F33CA /* baseUITests.xctest */ = {isa = PBXFileReference; explicitFileType = wrapper.cfbundle; includeInIndex = 0; path = baseUITests.xctest; sourceTree = BUILT_PRODUCTS_DIR; };
		B78FC4781E6E8BCE007F33CA /* baseUITests.m */ = {isa = PBXFileReference; lastKnownFileType = sourcecode.c.objc; path = baseUITests.m; sourceTree = "<group>"; };
		B78FC47A1E6E8BCE007F33CA /* Info.plist */ = {isa = PBXFileReference; lastKnownFileType = text.plist.xml; path = Info.plist; sourceTree = "<group>"; };
		B78FC48B1E6E93F5007F33CA /* PagingViewController.h */ = {isa = PBXFileReference; fileEncoding = 4; lastKnownFileType = sourcecode.c.h; path = PagingViewController.h; sourceTree = "<group>"; };
		B78FC48C1E6E93F5007F33CA /* PagingViewController.m */ = {isa = PBXFileReference; fileEncoding = 4; lastKnownFileType = sourcecode.c.objc; path = PagingViewController.m; sourceTree = "<group>"; };
		B78FC4A31E6F9DB7007F33CA /* UIColor+BaseStyle.h */ = {isa = PBXFileReference; fileEncoding = 4; lastKnownFileType = sourcecode.c.h; path = "UIColor+BaseStyle.h"; sourceTree = "<group>"; };
		B78FC4A41E6F9DB7007F33CA /* UIColor+BaseStyle.m */ = {isa = PBXFileReference; fileEncoding = 4; lastKnownFileType = sourcecode.c.objc; path = "UIColor+BaseStyle.m"; sourceTree = "<group>"; };
		B78FC4A51E6F9DB7007F33CA /* UIFont+BaseStyle.h */ = {isa = PBXFileReference; fileEncoding = 4; lastKnownFileType = sourcecode.c.h; path = "UIFont+BaseStyle.h"; sourceTree = "<group>"; };
		B78FC4A61E6F9DB7007F33CA /* UIFont+BaseStyle.m */ = {isa = PBXFileReference; fileEncoding = 4; lastKnownFileType = sourcecode.c.objc; path = "UIFont+BaseStyle.m"; sourceTree = "<group>"; };
		B78FC4AA1E6FA65F007F33CA /* UIButton+BaseCreation.h */ = {isa = PBXFileReference; fileEncoding = 4; lastKnownFileType = sourcecode.c.h; path = "UIButton+BaseCreation.h"; sourceTree = "<group>"; };
		B78FC4AB1E6FA65F007F33CA /* UIButton+BaseCreation.m */ = {isa = PBXFileReference; fileEncoding = 4; lastKnownFileType = sourcecode.c.objc; path = "UIButton+BaseCreation.m"; sourceTree = "<group>"; };
		B78FC4AD1E6FA722007F33CA /* BasePagingView.h */ = {isa = PBXFileReference; fileEncoding = 4; lastKnownFileType = sourcecode.c.h; path = BasePagingView.h; sourceTree = "<group>"; };
		B78FC4AE1E6FA722007F33CA /* BasePagingView.m */ = {isa = PBXFileReference; fileEncoding = 4; lastKnownFileType = sourcecode.c.objc; path = BasePagingView.m; sourceTree = "<group>"; };
		B78FC4C61E70F8F7007F33CA /* AFHTTPSessionManager+BaseRACSupports.h */ = {isa = PBXFileReference; fileEncoding = 4; lastKnownFileType = sourcecode.c.h; path = "AFHTTPSessionManager+BaseRACSupports.h"; sourceTree = "<group>"; };
		B78FC4C71E70F8F7007F33CA /* AFHTTPSessionManager+BaseRACSupports.m */ = {isa = PBXFileReference; fileEncoding = 4; lastKnownFileType = sourcecode.c.objc; path = "AFHTTPSessionManager+BaseRACSupports.m"; sourceTree = "<group>"; };
		B78FC4CD1E715464007F33CA /* BaseStorage.h */ = {isa = PBXFileReference; fileEncoding = 4; lastKnownFileType = sourcecode.c.h; path = BaseStorage.h; sourceTree = "<group>"; };
		B78FC4CE1E715464007F33CA /* BaseStorage.m */ = {isa = PBXFileReference; fileEncoding = 4; lastKnownFileType = sourcecode.c.objc; path = BaseStorage.m; sourceTree = "<group>"; };
		B78FC4D01E715949007F33CA /* BaseTmpNetworkStorage.h */ = {isa = PBXFileReference; fileEncoding = 4; lastKnownFileType = sourcecode.c.h; path = BaseTmpNetworkStorage.h; sourceTree = "<group>"; };
		B78FC4D11E715949007F33CA /* BaseTmpNetworkStorage.m */ = {isa = PBXFileReference; fileEncoding = 4; lastKnownFileType = sourcecode.c.objc; path = BaseTmpNetworkStorage.m; sourceTree = "<group>"; };
		B7A89C801E76A4E20020F186 /* CustomNavigationBarViewController.h */ = {isa = PBXFileReference; fileEncoding = 4; lastKnownFileType = sourcecode.c.h; path = CustomNavigationBarViewController.h; sourceTree = "<group>"; };
		B7A89C811E76A4E20020F186 /* CustomNavigationBarViewController.m */ = {isa = PBXFileReference; fileEncoding = 4; lastKnownFileType = sourcecode.c.objc; path = CustomNavigationBarViewController.m; sourceTree = "<group>"; };
		B7A89C821E76A4E20020F186 /* CustomNavigationBarTableViewController.h */ = {isa = PBXFileReference; fileEncoding = 4; lastKnownFileType = sourcecode.c.h; path = CustomNavigationBarTableViewController.h; sourceTree = "<group>"; };
		B7A89C831E76A4E20020F186 /* CustomNavigationBarTableViewController.m */ = {isa = PBXFileReference; fileEncoding = 4; lastKnownFileType = sourcecode.c.objc; path = CustomNavigationBarTableViewController.m; sourceTree = "<group>"; };
		B7A89CDC1E7AC0100020F186 /* Base.bundle */ = {isa = PBXFileReference; lastKnownFileType = "wrapper.plug-in"; path = Base.bundle; sourceTree = "<group>"; };
		B7A89CDF1E7AC4150020F186 /* UIApplication+Base.h */ = {isa = PBXFileReference; fileEncoding = 4; lastKnownFileType = sourcecode.c.h; path = "UIApplication+Base.h"; sourceTree = "<group>"; };
		B7A89CE01E7AC4150020F186 /* UIApplication+Base.m */ = {isa = PBXFileReference; fileEncoding = 4; lastKnownFileType = sourcecode.c.objc; path = "UIApplication+Base.m"; sourceTree = "<group>"; };
		B7A89CF71E7B74170020F186 /* util.h */ = {isa = PBXFileReference; fileEncoding = 4; lastKnownFileType = sourcecode.c.h; path = util.h; sourceTree = "<group>"; };
		B7A89CF81E7B74170020F186 /* util.m */ = {isa = PBXFileReference; fileEncoding = 4; lastKnownFileType = sourcecode.c.objc; path = util.m; sourceTree = "<group>"; };
		B7A89CFA1E7B765E0020F186 /* GIFViewController.h */ = {isa = PBXFileReference; fileEncoding = 4; lastKnownFileType = sourcecode.c.h; path = GIFViewController.h; sourceTree = "<group>"; };
		B7A89CFB1E7B765E0020F186 /* GIFViewController.m */ = {isa = PBXFileReference; fileEncoding = 4; lastKnownFileType = sourcecode.c.objc; path = GIFViewController.m; sourceTree = "<group>"; };
		B7BC60E61E827B4000859FE6 /* UIView+NetworkFailed.h */ = {isa = PBXFileReference; fileEncoding = 4; lastKnownFileType = sourcecode.c.h; name = "UIView+NetworkFailed.h"; path = "Components/UIView+NetworkFailed.h"; sourceTree = "<group>"; };
		B7BC60E71E827B4000859FE6 /* UIView+NetworkFailed.m */ = {isa = PBXFileReference; fileEncoding = 4; lastKnownFileType = sourcecode.c.objc; name = "UIView+NetworkFailed.m"; path = "Components/UIView+NetworkFailed.m"; sourceTree = "<group>"; };
		B7BC60EA1E827C4600859FE6 /* UIViewController+NetworkFailed.h */ = {isa = PBXFileReference; fileEncoding = 4; lastKnownFileType = sourcecode.c.h; path = "UIViewController+NetworkFailed.h"; sourceTree = "<group>"; };
		B7BC60EB1E827C4600859FE6 /* UIViewController+NetworkFailed.m */ = {isa = PBXFileReference; fileEncoding = 4; lastKnownFileType = sourcecode.c.objc; path = "UIViewController+NetworkFailed.m"; sourceTree = "<group>"; };
		B7BC60ED1E827CC000859FE6 /* base.h */ = {isa = PBXFileReference; lastKnownFileType = sourcecode.c.h; path = base.h; sourceTree = "<group>"; };
		B7BC60F11E835CCA00859FE6 /* UIView+LoadingIndicator.h */ = {isa = PBXFileReference; fileEncoding = 4; lastKnownFileType = sourcecode.c.h; path = "UIView+LoadingIndicator.h"; sourceTree = "<group>"; };
		B7BC60F21E835CCA00859FE6 /* UIView+LoadingIndicator.m */ = {isa = PBXFileReference; fileEncoding = 4; lastKnownFileType = sourcecode.c.objc; path = "UIView+LoadingIndicator.m"; sourceTree = "<group>"; };
		B7BC60F51E83617000859FE6 /* UIImageView+Loading.h */ = {isa = PBXFileReference; fileEncoding = 4; lastKnownFileType = sourcecode.c.h; path = "UIImageView+Loading.h"; sourceTree = "<group>"; };
		B7BC60F61E83617000859FE6 /* UIImageView+Loading.m */ = {isa = PBXFileReference; fileEncoding = 4; lastKnownFileType = sourcecode.c.objc; path = "UIImageView+Loading.m"; sourceTree = "<group>"; };
		B7BC60F81E8373A900859FE6 /* UITableViewCell+LoadingIndicator.h */ = {isa = PBXFileReference; fileEncoding = 4; lastKnownFileType = sourcecode.c.h; path = "UITableViewCell+LoadingIndicator.h"; sourceTree = "<group>"; };
		B7BC60F91E8373A900859FE6 /* UITableViewCell+LoadingIndicator.m */ = {isa = PBXFileReference; fileEncoding = 4; lastKnownFileType = sourcecode.c.objc; path = "UITableViewCell+LoadingIndicator.m"; sourceTree = "<group>"; };
		B7BC60FE1E8379B800859FE6 /* UICollectionReusableView+LoadingIndicator.h */ = {isa = PBXFileReference; fileEncoding = 4; lastKnownFileType = sourcecode.c.h; path = "UICollectionReusableView+LoadingIndicator.h"; sourceTree = "<group>"; };
		B7BC60FF1E8379B800859FE6 /* UICollectionReusableView+LoadingIndicator.m */ = {isa = PBXFileReference; fileEncoding = 4; lastKnownFileType = sourcecode.c.objc; path = "UICollectionReusableView+LoadingIndicator.m"; sourceTree = "<group>"; };
		B7BC61011E837A8800859FE6 /* UITableViewHeaderFooterView+LoadingIndicator.h */ = {isa = PBXFileReference; fileEncoding = 4; lastKnownFileType = sourcecode.c.h; path = "UITableViewHeaderFooterView+LoadingIndicator.h"; sourceTree = "<group>"; };
		B7BC61021E837A8800859FE6 /* UITableViewHeaderFooterView+LoadingIndicator.m */ = {isa = PBXFileReference; fileEncoding = 4; lastKnownFileType = sourcecode.c.objc; path = "UITableViewHeaderFooterView+LoadingIndicator.m"; sourceTree = "<group>"; };
		B7BC61071E83A21800859FE6 /* LoadingIndicatorTableViewController.h */ = {isa = PBXFileReference; fileEncoding = 4; lastKnownFileType = sourcecode.c.h; path = LoadingIndicatorTableViewController.h; sourceTree = "<group>"; };
		B7BC61081E83A21800859FE6 /* LoadingIndicatorTableViewController.m */ = {isa = PBXFileReference; fileEncoding = 4; lastKnownFileType = sourcecode.c.objc; path = LoadingIndicatorTableViewController.m; sourceTree = "<group>"; };
		B7BC61171E84BE6C00859FE6 /* NSString+Base.h */ = {isa = PBXFileReference; fileEncoding = 4; lastKnownFileType = sourcecode.c.h; path = "NSString+Base.h"; sourceTree = "<group>"; };
		B7BC61181E84BE6C00859FE6 /* NSString+Base.m */ = {isa = PBXFileReference; fileEncoding = 4; lastKnownFileType = sourcecode.c.objc; path = "NSString+Base.m"; sourceTree = "<group>"; };
		B7BC61201E84CB9600859FE6 /* UIView+SeparatorLine.h */ = {isa = PBXFileReference; fileEncoding = 4; lastKnownFileType = sourcecode.c.h; path = "UIView+SeparatorLine.h"; sourceTree = "<group>"; };
		B7BC61211E84CB9600859FE6 /* UIView+SeparatorLine.m */ = {isa = PBXFileReference; fileEncoding = 4; lastKnownFileType = sourcecode.c.objc; path = "UIView+SeparatorLine.m"; sourceTree = "<group>"; };
		B7BC61231E84D1F000859FE6 /* DrilldropViewController.h */ = {isa = PBXFileReference; fileEncoding = 4; lastKnownFileType = sourcecode.c.h; path = DrilldropViewController.h; sourceTree = "<group>"; };
		B7BC61241E84D1F000859FE6 /* DrilldropViewController.m */ = {isa = PBXFileReference; fileEncoding = 4; lastKnownFileType = sourcecode.c.objc; path = DrilldropViewController.m; sourceTree = "<group>"; };
		B7BC61261E84D25100859FE6 /* filter_category@2x.png */ = {isa = PBXFileReference; lastKnownFileType = image.png; path = "filter_category@2x.png"; sourceTree = "<group>"; };
		B7BC61281E850EA300859FE6 /* filter_normal@2x.png */ = {isa = PBXFileReference; lastKnownFileType = image.png; path = "filter_normal@2x.png"; sourceTree = "<group>"; };
		B7BC612A1E850EAE00859FE6 /* filter_selected@2x.png */ = {isa = PBXFileReference; lastKnownFileType = image.png; path = "filter_selected@2x.png"; sourceTree = "<group>"; };
		B7BE351C1EE568F500FD1296 /* URLManager.h */ = {isa = PBXFileReference; fileEncoding = 4; lastKnownFileType = sourcecode.c.h; path = URLManager.h; sourceTree = "<group>"; };
		B7BE351D1EE568F500FD1296 /* URLManager.m */ = {isa = PBXFileReference; fileEncoding = 4; lastKnownFileType = sourcecode.c.objc; path = URLManager.m; sourceTree = "<group>"; };
		B7C738CA1ECBF6C800FCC28A /* CustomAlertViewController.h */ = {isa = PBXFileReference; fileEncoding = 4; lastKnownFileType = sourcecode.c.h; path = CustomAlertViewController.h; sourceTree = "<group>"; };
		B7C738CB1ECBF6C800FCC28A /* CustomAlertViewController.m */ = {isa = PBXFileReference; fileEncoding = 4; lastKnownFileType = sourcecode.c.objc; path = CustomAlertViewController.m; sourceTree = "<group>"; };
		B7C738CD1ECBF77300FCC28A /* MarginLabel.h */ = {isa = PBXFileReference; fileEncoding = 4; lastKnownFileType = sourcecode.c.h; path = MarginLabel.h; sourceTree = "<group>"; };
		B7C738CE1ECBF77300FCC28A /* MarginLabel.m */ = {isa = PBXFileReference; fileEncoding = 4; lastKnownFileType = sourcecode.c.objc; path = MarginLabel.m; sourceTree = "<group>"; };
		B7C738FB1ED4091F00FCC28A /* UserAgent.h */ = {isa = PBXFileReference; fileEncoding = 4; lastKnownFileType = sourcecode.c.h; path = UserAgent.h; sourceTree = "<group>"; };
		B7C738FC1ED4091F00FCC28A /* UserAgent.m */ = {isa = PBXFileReference; fileEncoding = 4; lastKnownFileType = sourcecode.c.objc; path = UserAgent.m; sourceTree = "<group>"; };
		B7C738FE1ED426D100FCC28A /* BaseLauncher.h */ = {isa = PBXFileReference; fileEncoding = 4; lastKnownFileType = sourcecode.c.h; path = BaseLauncher.h; sourceTree = "<group>"; };
		B7C738FF1ED426D100FCC28A /* BaseLauncher.m */ = {isa = PBXFileReference; fileEncoding = 4; lastKnownFileType = sourcecode.c.objc; path = BaseLauncher.m; sourceTree = "<group>"; };
		B7C739011ED42B7000FCC28A /* RACSignal+NSURLError.h */ = {isa = PBXFileReference; fileEncoding = 4; lastKnownFileType = sourcecode.c.h; path = "RACSignal+NSURLError.h"; sourceTree = "<group>"; };
		B7C739021ED42B7000FCC28A /* RACSignal+NSURLError.m */ = {isa = PBXFileReference; fileEncoding = 4; lastKnownFileType = sourcecode.c.objc; path = "RACSignal+NSURLError.m"; sourceTree = "<group>"; };
		B7C739041ED4313A00FCC28A /* AppIdentifier.h */ = {isa = PBXFileReference; fileEncoding = 4; lastKnownFileType = sourcecode.c.h; path = AppIdentifier.h; sourceTree = "<group>"; };
		B7C739051ED4313A00FCC28A /* AppIdentifier.m */ = {isa = PBXFileReference; fileEncoding = 4; lastKnownFileType = sourcecode.c.objc; path = AppIdentifier.m; sourceTree = "<group>"; };
		B7C7392C1ED6867800FCC28A /* RACSignal+ResponseToModel.h */ = {isa = PBXFileReference; fileEncoding = 4; lastKnownFileType = sourcecode.c.h; path = "RACSignal+ResponseToModel.h"; sourceTree = "<group>"; };
		B7C7392D1ED6867800FCC28A /* RACSignal+ResponseToModel.m */ = {isa = PBXFileReference; fileEncoding = 4; lastKnownFileType = sourcecode.c.objc; path = "RACSignal+ResponseToModel.m"; sourceTree = "<group>"; };
		B7C7392F1ED68A5A00FCC28A /* Constant.h */ = {isa = PBXFileReference; lastKnownFileType = sourcecode.c.h; path = Constant.h; sourceTree = "<group>"; };
		B7C739391ED8125700FCC28A /* UIScrollView+Loading.h */ = {isa = PBXFileReference; fileEncoding = 4; lastKnownFileType = sourcecode.c.h; path = "UIScrollView+Loading.h"; sourceTree = "<group>"; };
		B7C7393A1ED8125700FCC28A /* UIScrollView+Loading.m */ = {isa = PBXFileReference; fileEncoding = 4; lastKnownFileType = sourcecode.c.objc; path = "UIScrollView+Loading.m"; sourceTree = "<group>"; };
		B7F15EF71EA5AA1900C18CD4 /* BaseHTTPSessionManager.h */ = {isa = PBXFileReference; fileEncoding = 4; lastKnownFileType = sourcecode.c.h; path = BaseHTTPSessionManager.h; sourceTree = "<group>"; };
		B7F15EF81EA5AA1900C18CD4 /* BaseHTTPSessionManager.m */ = {isa = PBXFileReference; fileEncoding = 4; lastKnownFileType = sourcecode.c.objc; path = BaseHTTPSessionManager.m; sourceTree = "<group>"; };
		B7F15EFA1EA5B5ED00C18CD4 /* NSError+Networking.h */ = {isa = PBXFileReference; fileEncoding = 4; lastKnownFileType = sourcecode.c.h; path = "NSError+Networking.h"; sourceTree = "<group>"; };
		B7F15EFB1EA5B5ED00C18CD4 /* NSError+Networking.m */ = {isa = PBXFileReference; fileEncoding = 4; lastKnownFileType = sourcecode.c.objc; path = "NSError+Networking.m"; sourceTree = "<group>"; };
		B7FFA9D11E8DEE310070C6A2 /* UIView+NetworkLoading.h */ = {isa = PBXFileReference; fileEncoding = 4; lastKnownFileType = sourcecode.c.h; path = "UIView+NetworkLoading.h"; sourceTree = "<group>"; };
		B7FFA9D21E8DEE310070C6A2 /* UIView+NetworkLoading.m */ = {isa = PBXFileReference; fileEncoding = 4; lastKnownFileType = sourcecode.c.objc; path = "UIView+NetworkLoading.m"; sourceTree = "<group>"; };
		B7FFA9D41E8DF62B0070C6A2 /* NetworkLoadingViewController.h */ = {isa = PBXFileReference; fileEncoding = 4; lastKnownFileType = sourcecode.c.h; path = NetworkLoadingViewController.h; sourceTree = "<group>"; };
		B7FFA9D51E8DF62B0070C6A2 /* NetworkLoadingViewController.m */ = {isa = PBXFileReference; fileEncoding = 4; lastKnownFileType = sourcecode.c.objc; path = NetworkLoadingViewController.m; sourceTree = "<group>"; };
		B7FFA9D71E8E66E90070C6A2 /* DrilldropMenuItem.h */ = {isa = PBXFileReference; fileEncoding = 4; lastKnownFileType = sourcecode.c.h; path = DrilldropMenuItem.h; sourceTree = "<group>"; };
		B7FFA9D81E8E66E90070C6A2 /* DrilldropMenuItem.m */ = {isa = PBXFileReference; fileEncoding = 4; lastKnownFileType = sourcecode.c.objc; path = DrilldropMenuItem.m; sourceTree = "<group>"; };
		B7FFA9D91E8E66E90070C6A2 /* DrilldropMenuView.h */ = {isa = PBXFileReference; fileEncoding = 4; lastKnownFileType = sourcecode.c.h; path = DrilldropMenuView.h; sourceTree = "<group>"; };
		B7FFA9DA1E8E66E90070C6A2 /* DrilldropMenuView.m */ = {isa = PBXFileReference; fileEncoding = 4; lastKnownFileType = sourcecode.c.objc; path = DrilldropMenuView.m; sourceTree = "<group>"; };
		B7FFA9DD1E8E67CF0070C6A2 /* NetworkFailedView.h */ = {isa = PBXFileReference; fileEncoding = 4; lastKnownFileType = sourcecode.c.h; path = NetworkFailedView.h; sourceTree = "<group>"; };
		B7FFA9DE1E8E67CF0070C6A2 /* NetworkFailedView.m */ = {isa = PBXFileReference; fileEncoding = 4; lastKnownFileType = sourcecode.c.objc; path = NetworkFailedView.m; sourceTree = "<group>"; };
		B7FFA9E01E8E6A860070C6A2 /* BaseNavigationController.h */ = {isa = PBXFileReference; fileEncoding = 4; lastKnownFileType = sourcecode.c.h; path = BaseNavigationController.h; sourceTree = "<group>"; };
		B7FFA9E11E8E6A860070C6A2 /* BaseNavigationController.m */ = {isa = PBXFileReference; fileEncoding = 4; lastKnownFileType = sourcecode.c.objc; path = BaseNavigationController.m; sourceTree = "<group>"; };
		C1DE84AC6B689A507B2993C0 /* Pods-baseTests.debug.xcconfig */ = {isa = PBXFileReference; includeInIndex = 1; lastKnownFileType = text.xcconfig; name = "Pods-baseTests.debug.xcconfig"; path = "Pods/Target Support Files/Pods-baseTests/Pods-baseTests.debug.xcconfig"; sourceTree = "<group>"; };
		D347F4C41F3D43F100878AE4 /* UIView+ReloadAnimation.h */ = {isa = PBXFileReference; fileEncoding = 4; lastKnownFileType = sourcecode.c.h; name = "UIView+ReloadAnimation.h"; path = "../UIView+ReloadAnimation.h"; sourceTree = "<group>"; };
		D347F4C51F3D43F100878AE4 /* UIView+ReloadAnimation.m */ = {isa = PBXFileReference; fileEncoding = 4; lastKnownFileType = sourcecode.c.objc; name = "UIView+ReloadAnimation.m"; path = "../UIView+ReloadAnimation.m"; sourceTree = "<group>"; };
		D35141591FE2413900046D66 /* AZAlert.m */ = {isa = PBXFileReference; fileEncoding = 4; lastKnownFileType = sourcecode.c.objc; path = AZAlert.m; sourceTree = "<group>"; };
		D351415A1FE2413900046D66 /* AZAlert.h */ = {isa = PBXFileReference; fileEncoding = 4; lastKnownFileType = sourcecode.c.h; path = AZAlert.h; sourceTree = "<group>"; };
		D3668A8E1F8DEB110060C99B /* base.podspec */ = {isa = PBXFileReference; lastKnownFileType = text; path = base.podspec; sourceTree = SOURCE_ROOT; };
		D39D72461F330D7400C240EE /* RefreshActivityIndicatorViewFooter.h */ = {isa = PBXFileReference; fileEncoding = 4; lastKnownFileType = sourcecode.c.h; path = RefreshActivityIndicatorViewFooter.h; sourceTree = "<group>"; };
		D39D72471F330D7400C240EE /* RefreshActivityIndicatorViewFooter.m */ = {isa = PBXFileReference; fileEncoding = 4; lastKnownFileType = sourcecode.c.objc; path = RefreshActivityIndicatorViewFooter.m; sourceTree = "<group>"; };
		D39D72491F330E0500C240EE /* NoMoreProductsView.h */ = {isa = PBXFileReference; fileEncoding = 4; lastKnownFileType = sourcecode.c.h; path = NoMoreProductsView.h; sourceTree = "<group>"; };
		D39D724A1F330E0500C240EE /* NoMoreProductsView.m */ = {isa = PBXFileReference; fileEncoding = 4; lastKnownFileType = sourcecode.c.objc; path = NoMoreProductsView.m; sourceTree = "<group>"; };
		D3D51B092079B2E7009316A5 /* UIFont+LQFont.h */ = {isa = PBXFileReference; fileEncoding = 4; lastKnownFileType = sourcecode.c.h; path = "UIFont+LQFont.h"; sourceTree = "<group>"; };
		D3D51B0A2079B2E7009316A5 /* UIFont+LQFont.m */ = {isa = PBXFileReference; fileEncoding = 4; lastKnownFileType = sourcecode.c.objc; path = "UIFont+LQFont.m"; sourceTree = "<group>"; };
		EA653DA660CB6E64DB71699B /* libPods-baseTests.a */ = {isa = PBXFileReference; explicitFileType = archive.ar; includeInIndex = 0; path = "libPods-baseTests.a"; sourceTree = BUILT_PRODUCTS_DIR; };
		F75AF287A40D8E8E7B8E59A4 /* Pods-baseUITests.release.xcconfig */ = {isa = PBXFileReference; includeInIndex = 1; lastKnownFileType = text.xcconfig; name = "Pods-baseUITests.release.xcconfig"; path = "Pods/Target Support Files/Pods-baseUITests/Pods-baseUITests.release.xcconfig"; sourceTree = "<group>"; };
/* End PBXFileReference section */

/* Begin PBXFrameworksBuildPhase section */
		B78FC4541E6E8BCE007F33CA /* Frameworks */ = {
			isa = PBXFrameworksBuildPhase;
			buildActionMask = 2147483647;
			files = (
				3F6EC8E7AE964D1787067A3C /* libPods-base.a in Frameworks */,
			);
			runOnlyForDeploymentPostprocessing = 0;
		};
		B78FC4661E6E8BCE007F33CA /* Frameworks */ = {
			isa = PBXFrameworksBuildPhase;
			buildActionMask = 2147483647;
			files = (
				4BBA6E78A8E53E1B1C048C23 /* libPods-baseTests.a in Frameworks */,
			);
			runOnlyForDeploymentPostprocessing = 0;
		};
		B78FC4711E6E8BCE007F33CA /* Frameworks */ = {
			isa = PBXFrameworksBuildPhase;
			buildActionMask = 2147483647;
			files = (
				4DC600CCCADD1F4D46F26DBD /* libPods-baseUITests.a in Frameworks */,
			);
			runOnlyForDeploymentPostprocessing = 0;
		};
/* End PBXFrameworksBuildPhase section */

/* Begin PBXGroup section */
		16555482EA7C32D7BAE2B802 /* Frameworks */ = {
			isa = PBXGroup;
			children = (
				51951871AE991C9C8BB13A54 /* libPods-base.a */,
				EA653DA660CB6E64DB71699B /* libPods-baseTests.a */,
				6CD56D0B24D1521EA27F9150 /* libPods-baseUITests.a */,
			);
			name = Frameworks;
			sourceTree = "<group>";
		};
		79FF41615832517AC0FAEFD8 /* Pods */ = {
			isa = PBXGroup;
			children = (
				0C6EF52B57F2C0273C9B3B00 /* Pods-base.debug.xcconfig */,
				9187FC09986539714AB4644B /* Pods-base.release.xcconfig */,
				C1DE84AC6B689A507B2993C0 /* Pods-baseTests.debug.xcconfig */,
				0203042314BE48AA0EAD21B2 /* Pods-baseTests.release.xcconfig */,
				2FCD6C2B78FB47E19896D5C9 /* Pods-baseUITests.debug.xcconfig */,
				F75AF287A40D8E8E7B8E59A4 /* Pods-baseUITests.release.xcconfig */,
			);
			name = Pods;
			sourceTree = "<group>";
		};
		B7511E251EA9E5D600A5A972 /* Profile */ = {
			isa = PBXGroup;
			children = (
				B7511E261EA9E5F200A5A972 /* Profile.h */,
				B7511E271EA9E5F200A5A972 /* Profile.m */,
				B775BEB81EAB5DF1003EBABC /* ProfileAutoLoader.h */,
				B775BEB91EAB5DF1003EBABC /* ProfileAutoLoader.m */,
			);
			name = Profile;
			sourceTree = "<group>";
		};
		B76BB4051E9F59C800F1EC6A /* router */ = {
			isa = PBXGroup;
			children = (
				B76BB4061E9F59E000F1EC6A /* RouterRequest.h */,
				B76BB4071E9F59E000F1EC6A /* RouterRequest.m */,
				B76BB40B1E9F59E700F1EC6A /* RouterRegistry.h */,
				B76BB40C1E9F59E700F1EC6A /* RouterRegistry.m */,
				B76BB40F1E9F59E700F1EC6A /* RouterManager.h */,
				B76BB4101E9F59E700F1EC6A /* RouterManager.m */,
			);
			name = router;
			sourceTree = "<group>";
		};
		B76BB4151EA071B900F1EC6A /* AccessToken */ = {
			isa = PBXGroup;
			children = (
				B7534FA31EA0A72A00C94516 /* AccessToken.h */,
				B7534FA41EA0A72A00C94516 /* AccessToken.m */,
			);
			name = AccessToken;
			sourceTree = "<group>";
		};
		B78FC44E1E6E8BCE007F33CA = {
			isa = PBXGroup;
			children = (
				B78FC4591E6E8BCE007F33CA /* base */,
				B78FC46C1E6E8BCE007F33CA /* baseTests */,
				B78FC4771E6E8BCE007F33CA /* baseUITests */,
				B78FC4581E6E8BCE007F33CA /* Products */,
				79FF41615832517AC0FAEFD8 /* Pods */,
				16555482EA7C32D7BAE2B802 /* Frameworks */,
			);
			sourceTree = "<group>";
		};
		B78FC4581E6E8BCE007F33CA /* Products */ = {
			isa = PBXGroup;
			children = (
				B78FC4571E6E8BCE007F33CA /* base.app */,
				B78FC4691E6E8BCE007F33CA /* baseTests.xctest */,
				B78FC4741E6E8BCE007F33CA /* baseUITests.xctest */,
			);
			name = Products;
			sourceTree = "<group>";
		};
		B78FC4591E6E8BCE007F33CA /* base */ = {
			isa = PBXGroup;
			children = (
				D3668A8E1F8DEB110060C99B /* base.podspec */,
				B7A89CDB1E7AC0100020F186 /* Resources */,
				B78FC4861E6E8C2D007F33CA /* Classes */,
				B78FC45E1E6E8BCE007F33CA /* AppDelegate.h */,
				B78FC45F1E6E8BCE007F33CA /* AppDelegate.m */,
				B7FFA9D41E8DF62B0070C6A2 /* NetworkLoadingViewController.h */,
				B7FFA9D51E8DF62B0070C6A2 /* NetworkLoadingViewController.m */,
				B708A3471E8BC4EF00D1AA57 /* CNBViewController.h */,
				B708A3481E8BC4EF00D1AA57 /* CNBViewController.m */,
				B7BC61231E84D1F000859FE6 /* DrilldropViewController.h */,
				B7BC61241E84D1F000859FE6 /* DrilldropViewController.m */,
				B7BC61071E83A21800859FE6 /* LoadingIndicatorTableViewController.h */,
				B7BC61081E83A21800859FE6 /* LoadingIndicatorTableViewController.m */,
				B7A89CFA1E7B765E0020F186 /* GIFViewController.h */,
				B7A89CFB1E7B765E0020F186 /* GIFViewController.m */,
				B78FC48B1E6E93F5007F33CA /* PagingViewController.h */,
				B78FC48C1E6E93F5007F33CA /* PagingViewController.m */,
				B78FC4641E6E8BCE007F33CA /* Info.plist */,
				B78FC45A1E6E8BCE007F33CA /* Assets.xcassets */,
				B78FC45B1E6E8BCE007F33CA /* Supporting Files */,
			);
			path = base;
			sourceTree = "<group>";
		};
		B78FC45B1E6E8BCE007F33CA /* Supporting Files */ = {
			isa = PBXGroup;
			children = (
				B7BC61261E84D25100859FE6 /* filter_category@2x.png */,
				B7BC61281E850EA300859FE6 /* filter_normal@2x.png */,
				B7BC612A1E850EAE00859FE6 /* filter_selected@2x.png */,
				B78FC45C1E6E8BCE007F33CA /* main.m */,
			);
			name = "Supporting Files";
			sourceTree = "<group>";
		};
		B78FC46C1E6E8BCE007F33CA /* baseTests */ = {
			isa = PBXGroup;
			children = (
				B78FC46D1E6E8BCE007F33CA /* baseTests.m */,
				B7534FAB1EA0B39F00C94516 /* RegexTests.m */,
				B78FC46F1E6E8BCE007F33CA /* Info.plist */,
			);
			path = baseTests;
			sourceTree = "<group>";
		};
		B78FC4771E6E8BCE007F33CA /* baseUITests */ = {
			isa = PBXGroup;
			children = (
				B78FC4781E6E8BCE007F33CA /* baseUITests.m */,
				B78FC47A1E6E8BCE007F33CA /* Info.plist */,
			);
			path = baseUITests;
			sourceTree = "<group>";
		};
		B78FC4861E6E8C2D007F33CA /* Classes */ = {
			isa = PBXGroup;
			children = (
				B7BC60ED1E827CC000859FE6 /* base.h */,
				B7C7392F1ED68A5A00FCC28A /* Constant.h */,
				B7160DC21EAF64FE00A55702 /* WebsiteDataStore.h */,
				B7160DC31EAF64FE00A55702 /* WebsiteDataStore.m */,
				B7C738FE1ED426D100FCC28A /* BaseLauncher.h */,
				B7C738FF1ED426D100FCC28A /* BaseLauncher.m */,
				B7C739041ED4313A00FCC28A /* AppIdentifier.h */,
				B7C739051ED4313A00FCC28A /* AppIdentifier.m */,
				D351415A1FE2413900046D66 /* AZAlert.h */,
				D35141591FE2413900046D66 /* AZAlert.m */,
				B7511E251EA9E5D600A5A972 /* Profile */,
				B76BB4151EA071B900F1EC6A /* AccessToken */,
				B76BB4051E9F59C800F1EC6A /* router */,
				B7A89CF01E7B73710020F186 /* util */,
				B7BC60E91E827C2900859FE6 /* Networking+View */,
				B7BC60F41E83610700859FE6 /* ImageLoading */,
				B7A89CE41E7B70330020F186 /* LoadingIndicator */,
				B7A89CDE1E7AC4050020F186 /* core */,
				B7A89C7F1E7698540020F186 /* UIViewControllerSubclasses */,
				B78FC4C91E7151EE007F33CA /* storage */,
				B78FC4C21E70F59C007F33CA /* Networking */,
				B78FC4A91E6FA651007F33CA /* Components */,
				B7BC61101E84BC9D00859FE6 /* drilldrop */,
				B78FC4A21E6F9DB7007F33CA /* css */,
			);
			path = Classes;
			sourceTree = "<group>";
		};
		B78FC4A21E6F9DB7007F33CA /* css */ = {
			isa = PBXGroup;
			children = (
				B78FC4A31E6F9DB7007F33CA /* UIColor+BaseStyle.h */,
				B78FC4A41E6F9DB7007F33CA /* UIColor+BaseStyle.m */,
				B78FC4A51E6F9DB7007F33CA /* UIFont+BaseStyle.h */,
				B78FC4A61E6F9DB7007F33CA /* UIFont+BaseStyle.m */,
				D3D51B092079B2E7009316A5 /* UIFont+LQFont.h */,
				D3D51B0A2079B2E7009316A5 /* UIFont+LQFont.m */,
			);
			path = css;
			sourceTree = "<group>";
		};
		B78FC4A91E6FA651007F33CA /* Components */ = {
			isa = PBXGroup;
			children = (
				D347F4C41F3D43F100878AE4 /* UIView+ReloadAnimation.h */,
				D347F4C51F3D43F100878AE4 /* UIView+ReloadAnimation.m */,
				B7534FAD1EA0B55800C94516 /* SeparatorTextView.h */,
				B7534FAE1EA0B55800C94516 /* SeparatorTextView.m */,
				B7534FB01EA0B57900C94516 /* CoreTextField.h */,
				B7534FB11EA0B57900C94516 /* CoreTextField.m */,
				B78FC4AA1E6FA65F007F33CA /* UIButton+BaseCreation.h */,
				B78FC4AB1E6FA65F007F33CA /* UIButton+BaseCreation.m */,
				B78FC4AD1E6FA722007F33CA /* BasePagingView.h */,
				B78FC4AE1E6FA722007F33CA /* BasePagingView.m */,
				B7BC61201E84CB9600859FE6 /* UIView+SeparatorLine.h */,
				B7BC61211E84CB9600859FE6 /* UIView+SeparatorLine.m */,
				B7C738CD1ECBF77300FCC28A /* MarginLabel.h */,
				B7C738CE1ECBF77300FCC28A /* MarginLabel.m */,
				B7C739391ED8125700FCC28A /* UIScrollView+Loading.h */,
				B7C7393A1ED8125700FCC28A /* UIScrollView+Loading.m */,
				D39D72461F330D7400C240EE /* RefreshActivityIndicatorViewFooter.h */,
				D39D72471F330D7400C240EE /* RefreshActivityIndicatorViewFooter.m */,
				D39D72491F330E0500C240EE /* NoMoreProductsView.h */,
				D39D724A1F330E0500C240EE /* NoMoreProductsView.m */,
			);
			path = Components;
			sourceTree = "<group>";
		};
		B78FC4C21E70F59C007F33CA /* Networking */ = {
			isa = PBXGroup;
			children = (
				B78FC4C61E70F8F7007F33CA /* AFHTTPSessionManager+BaseRACSupports.h */,
				B78FC4C71E70F8F7007F33CA /* AFHTTPSessionManager+BaseRACSupports.m */,
				B7C7392C1ED6867800FCC28A /* RACSignal+ResponseToModel.h */,
				B7C7392D1ED6867800FCC28A /* RACSignal+ResponseToModel.m */,
				B7F15EFA1EA5B5ED00C18CD4 /* NSError+Networking.h */,
				B7F15EFB1EA5B5ED00C18CD4 /* NSError+Networking.m */,
				B7F15EF71EA5AA1900C18CD4 /* BaseHTTPSessionManager.h */,
				B7F15EF81EA5AA1900C18CD4 /* BaseHTTPSessionManager.m */,
				B757C91C1E7280F30081C4CF /* Network.h */,
				B757C91D1E7280F30081C4CF /* Network.m */,
				B7C739011ED42B7000FCC28A /* RACSignal+NSURLError.h */,
				B7C739021ED42B7000FCC28A /* RACSignal+NSURLError.m */,
				B7C738FB1ED4091F00FCC28A /* UserAgent.h */,
				B7C738FC1ED4091F00FCC28A /* UserAgent.m */,
				B7BE351C1EE568F500FD1296 /* URLManager.h */,
				B7BE351D1EE568F500FD1296 /* URLManager.m */,
			);
			name = Networking;
			path = net;
			sourceTree = "<group>";
		};
		B78FC4C91E7151EE007F33CA /* storage */ = {
			isa = PBXGroup;
			children = (
				B78FC4CD1E715464007F33CA /* BaseStorage.h */,
				B78FC4CE1E715464007F33CA /* BaseStorage.m */,
				B78FC4D01E715949007F33CA /* BaseTmpNetworkStorage.h */,
				B78FC4D11E715949007F33CA /* BaseTmpNetworkStorage.m */,
			);
			path = storage;
			sourceTree = "<group>";
		};
		B7A89C7F1E7698540020F186 /* UIViewControllerSubclasses */ = {
			isa = PBXGroup;
			children = (
				B7A89C801E76A4E20020F186 /* CustomNavigationBarViewController.h */,
				B7A89C811E76A4E20020F186 /* CustomNavigationBarViewController.m */,
				B7A89C821E76A4E20020F186 /* CustomNavigationBarTableViewController.h */,
				B7A89C831E76A4E20020F186 /* CustomNavigationBarTableViewController.m */,
				B708A34A1E8BC69D00D1AA57 /* InteractivePopDelegateProxy.h */,
				B708A34B1E8BC69D00D1AA57 /* InteractivePopDelegateProxy.m */,
				B708A34D1E8CB4CA00D1AA57 /* UINavigationController+Base.h */,
				B708A34E1E8CB4CA00D1AA57 /* UINavigationController+Base.m */,
				B7FFA9E01E8E6A860070C6A2 /* BaseNavigationController.h */,
				B7FFA9E11E8E6A860070C6A2 /* BaseNavigationController.m */,
				B7C738CA1ECBF6C800FCC28A /* CustomAlertViewController.h */,
				B7C738CB1ECBF6C800FCC28A /* CustomAlertViewController.m */,
			);
			name = UIViewControllerSubclasses;
			sourceTree = "<group>";
		};
		B7A89CDB1E7AC0100020F186 /* Resources */ = {
			isa = PBXGroup;
			children = (
				B7A89CDC1E7AC0100020F186 /* Base.bundle */,
			);
			path = Resources;
			sourceTree = "<group>";
		};
		B7A89CDE1E7AC4050020F186 /* core */ = {
			isa = PBXGroup;
			children = (
				B7A89CDF1E7AC4150020F186 /* UIApplication+Base.h */,
				B7A89CE01E7AC4150020F186 /* UIApplication+Base.m */,
				B7BC61171E84BE6C00859FE6 /* NSString+Base.h */,
				B7BC61181E84BE6C00859FE6 /* NSString+Base.m */,
				B7534FA81EA0B25800C94516 /* NSString+Validation.h */,
				B7534FA91EA0B25800C94516 /* NSString+Validation.m */,
				B7429F761EACA451001B1C97 /* RACSignal+Util.h */,
				B7429F771EACA451001B1C97 /* RACSignal+Util.m */,
			);
			name = core;
			sourceTree = "<group>";
		};
		B7A89CE41E7B70330020F186 /* LoadingIndicator */ = {
			isa = PBXGroup;
			children = (
				B7BC60F11E835CCA00859FE6 /* UIView+LoadingIndicator.h */,
				B7BC60F21E835CCA00859FE6 /* UIView+LoadingIndicator.m */,
				B7BC60F81E8373A900859FE6 /* UITableViewCell+LoadingIndicator.h */,
				B7BC60F91E8373A900859FE6 /* UITableViewCell+LoadingIndicator.m */,
				B7BC61011E837A8800859FE6 /* UITableViewHeaderFooterView+LoadingIndicator.h */,
				B7BC61021E837A8800859FE6 /* UITableViewHeaderFooterView+LoadingIndicator.m */,
				B7BC60FE1E8379B800859FE6 /* UICollectionReusableView+LoadingIndicator.h */,
				B7BC60FF1E8379B800859FE6 /* UICollectionReusableView+LoadingIndicator.m */,
			);
			name = LoadingIndicator;
			sourceTree = "<group>";
		};
		B7A89CF01E7B73710020F186 /* util */ = {
			isa = PBXGroup;
			children = (
				B7A89CF71E7B74170020F186 /* util.h */,
				B7A89CF81E7B74170020F186 /* util.m */,
			);
			name = util;
			sourceTree = "<group>";
		};
		B7BC60E91E827C2900859FE6 /* Networking+View */ = {
			isa = PBXGroup;
			children = (
				B7FFA9DD1E8E67CF0070C6A2 /* NetworkFailedView.h */,
				B7FFA9DE1E8E67CF0070C6A2 /* NetworkFailedView.m */,
				B7BC60E61E827B4000859FE6 /* UIView+NetworkFailed.h */,
				B7BC60E71E827B4000859FE6 /* UIView+NetworkFailed.m */,
				B7FFA9D11E8DEE310070C6A2 /* UIView+NetworkLoading.h */,
				B7FFA9D21E8DEE310070C6A2 /* UIView+NetworkLoading.m */,
				B7BC60EA1E827C4600859FE6 /* UIViewController+NetworkFailed.h */,
				B7BC60EB1E827C4600859FE6 /* UIViewController+NetworkFailed.m */,
			);
			name = "Networking+View";
			sourceTree = "<group>";
		};
		B7BC60F41E83610700859FE6 /* ImageLoading */ = {
			isa = PBXGroup;
			children = (
				B7BC60F51E83617000859FE6 /* UIImageView+Loading.h */,
				B7BC60F61E83617000859FE6 /* UIImageView+Loading.m */,
			);
			name = ImageLoading;
			sourceTree = "<group>";
		};
		B7BC61101E84BC9D00859FE6 /* drilldrop */ = {
			isa = PBXGroup;
			children = (
				B7FFA9D71E8E66E90070C6A2 /* DrilldropMenuItem.h */,
				B7FFA9D81E8E66E90070C6A2 /* DrilldropMenuItem.m */,
				B7FFA9D91E8E66E90070C6A2 /* DrilldropMenuView.h */,
				B7FFA9DA1E8E66E90070C6A2 /* DrilldropMenuView.m */,
			);
			name = drilldrop;
			sourceTree = "<group>";
		};
/* End PBXGroup section */

/* Begin PBXNativeTarget section */
		B78FC4561E6E8BCE007F33CA /* base */ = {
			isa = PBXNativeTarget;
			buildConfigurationList = B78FC47D1E6E8BCE007F33CA /* Build configuration list for PBXNativeTarget "base" */;
			buildPhases = (
				C62933861B5AF03C391802EF /* [CP] Check Pods Manifest.lock */,
				B78FC4531E6E8BCE007F33CA /* Sources */,
				B78FC4541E6E8BCE007F33CA /* Frameworks */,
				B78FC4551E6E8BCE007F33CA /* Resources */,
				730175A48C2190B29876AB67 /* [CP] Embed Pods Frameworks */,
				A6687211CE5E87AF32AE15C5 /* [CP] Copy Pods Resources */,
			);
			buildRules = (
			);
			dependencies = (
			);
			name = base;
			productName = base;
			productReference = B78FC4571E6E8BCE007F33CA /* base.app */;
			productType = "com.apple.product-type.application";
		};
		B78FC4681E6E8BCE007F33CA /* baseTests */ = {
			isa = PBXNativeTarget;
			buildConfigurationList = B78FC4801E6E8BCE007F33CA /* Build configuration list for PBXNativeTarget "baseTests" */;
			buildPhases = (
				2B63B9DC41E4DB059BAE5894 /* [CP] Check Pods Manifest.lock */,
				B78FC4651E6E8BCE007F33CA /* Sources */,
				B78FC4661E6E8BCE007F33CA /* Frameworks */,
				B78FC4671E6E8BCE007F33CA /* Resources */,
				7F7C91105384B99D050D66F2 /* [CP] Embed Pods Frameworks */,
				A2419C4EE76899E6BF3B279E /* [CP] Copy Pods Resources */,
			);
			buildRules = (
			);
			dependencies = (
				B78FC46B1E6E8BCE007F33CA /* PBXTargetDependency */,
			);
			name = baseTests;
			productName = baseTests;
			productReference = B78FC4691E6E8BCE007F33CA /* baseTests.xctest */;
			productType = "com.apple.product-type.bundle.unit-test";
		};
		B78FC4731E6E8BCE007F33CA /* baseUITests */ = {
			isa = PBXNativeTarget;
			buildConfigurationList = B78FC4831E6E8BCE007F33CA /* Build configuration list for PBXNativeTarget "baseUITests" */;
			buildPhases = (
				4CD1F1DE21F618C7BA4B8C29 /* [CP] Check Pods Manifest.lock */,
				B78FC4701E6E8BCE007F33CA /* Sources */,
				B78FC4711E6E8BCE007F33CA /* Frameworks */,
				B78FC4721E6E8BCE007F33CA /* Resources */,
				9C136CCDB0F7F9885C4856F3 /* [CP] Embed Pods Frameworks */,
				077A2F865633830EFFA0930D /* [CP] Copy Pods Resources */,
			);
			buildRules = (
			);
			dependencies = (
				B78FC4761E6E8BCE007F33CA /* PBXTargetDependency */,
			);
			name = baseUITests;
			productName = baseUITests;
			productReference = B78FC4741E6E8BCE007F33CA /* baseUITests.xctest */;
			productType = "com.apple.product-type.bundle.ui-testing";
		};
/* End PBXNativeTarget section */

/* Begin PBXProject section */
		B78FC44F1E6E8BCE007F33CA /* Project object */ = {
			isa = PBXProject;
			attributes = {
				LastUpgradeCheck = 0930;
				ORGANIZATIONNAME = Azazie;
				TargetAttributes = {
					B78FC4561E6E8BCE007F33CA = {
						CreatedOnToolsVersion = 8.2.1;
						DevelopmentTeam = 4U3FXNPP7Z;
						ProvisioningStyle = Manual;
					};
					B78FC4681E6E8BCE007F33CA = {
						CreatedOnToolsVersion = 8.2.1;
						DevelopmentTeam = 4U3FXNPP7Z;
						ProvisioningStyle = Automatic;
						TestTargetID = B78FC4561E6E8BCE007F33CA;
					};
					B78FC4731E6E8BCE007F33CA = {
						CreatedOnToolsVersion = 8.2.1;
						DevelopmentTeam = 4U3FXNPP7Z;
						ProvisioningStyle = Automatic;
						TestTargetID = B78FC4561E6E8BCE007F33CA;
					};
				};
			};
			buildConfigurationList = B78FC4521E6E8BCE007F33CA /* Build configuration list for PBXProject "base" */;
			compatibilityVersion = "Xcode 3.2";
			developmentRegion = English;
			hasScannedForEncodings = 0;
			knownRegions = (
				en,
				Base,
			);
			mainGroup = B78FC44E1E6E8BCE007F33CA;
			productRefGroup = B78FC4581E6E8BCE007F33CA /* Products */;
			projectDirPath = "";
			projectRoot = "";
			targets = (
				B78FC4561E6E8BCE007F33CA /* base */,
				B78FC4681E6E8BCE007F33CA /* baseTests */,
				B78FC4731E6E8BCE007F33CA /* baseUITests */,
			);
		};
/* End PBXProject section */

/* Begin PBXResourcesBuildPhase section */
		B78FC4551E6E8BCE007F33CA /* Resources */ = {
			isa = PBXResourcesBuildPhase;
			buildActionMask = 2147483647;
			files = (
				B7A89CDD1E7AC0100020F186 /* Base.bundle in Resources */,
				B7BC612B1E850EAE00859FE6 /* filter_selected@2x.png in Resources */,
				B78FC4871E6E8C66007F33CA /* Assets.xcassets in Resources */,
				B7BC61291E850EA300859FE6 /* filter_normal@2x.png in Resources */,
				B7BC61271E84D25100859FE6 /* filter_category@2x.png in Resources */,
			);
			runOnlyForDeploymentPostprocessing = 0;
		};
		B78FC4671E6E8BCE007F33CA /* Resources */ = {
			isa = PBXResourcesBuildPhase;
			buildActionMask = 2147483647;
			files = (
			);
			runOnlyForDeploymentPostprocessing = 0;
		};
		B78FC4721E6E8BCE007F33CA /* Resources */ = {
			isa = PBXResourcesBuildPhase;
			buildActionMask = 2147483647;
			files = (
			);
			runOnlyForDeploymentPostprocessing = 0;
		};
/* End PBXResourcesBuildPhase section */

/* Begin PBXShellScriptBuildPhase section */
		077A2F865633830EFFA0930D /* [CP] Copy Pods Resources */ = {
			isa = PBXShellScriptBuildPhase;
			buildActionMask = 2147483647;
			files = (
			);
			inputPaths = (
			);
			name = "[CP] Copy Pods Resources";
			outputPaths = (
			);
			runOnlyForDeploymentPostprocessing = 0;
			shellPath = /bin/sh;
			shellScript = "\"${SRCROOT}/Pods/Target Support Files/Pods-baseUITests/Pods-baseUITests-resources.sh\"\n";
			showEnvVarsInLog = 0;
		};
		2B63B9DC41E4DB059BAE5894 /* [CP] Check Pods Manifest.lock */ = {
			isa = PBXShellScriptBuildPhase;
			buildActionMask = 2147483647;
			files = (
			);
			inputPaths = (
				"${PODS_PODFILE_DIR_PATH}/Podfile.lock",
				"${PODS_ROOT}/Manifest.lock",
			);
			name = "[CP] Check Pods Manifest.lock";
			outputPaths = (
				"$(DERIVED_FILE_DIR)/Pods-baseTests-checkManifestLockResult.txt",
			);
			runOnlyForDeploymentPostprocessing = 0;
			shellPath = /bin/sh;
			shellScript = "diff \"${PODS_PODFILE_DIR_PATH}/Podfile.lock\" \"${PODS_ROOT}/Manifest.lock\" > /dev/null\nif [ $? != 0 ] ; then\n    # print error to STDERR\n    echo \"error: The sandbox is not in sync with the Podfile.lock. Run 'pod install' or update your CocoaPods installation.\" >&2\n    exit 1\nfi\n# This output is used by Xcode 'outputs' to avoid re-running this script phase.\necho \"SUCCESS\" > \"${SCRIPT_OUTPUT_FILE_0}\"\n";
			showEnvVarsInLog = 0;
		};
		4CD1F1DE21F618C7BA4B8C29 /* [CP] Check Pods Manifest.lock */ = {
			isa = PBXShellScriptBuildPhase;
			buildActionMask = 2147483647;
			files = (
			);
			inputPaths = (
				"${PODS_PODFILE_DIR_PATH}/Podfile.lock",
				"${PODS_ROOT}/Manifest.lock",
			);
			name = "[CP] Check Pods Manifest.lock";
			outputPaths = (
				"$(DERIVED_FILE_DIR)/Pods-baseUITests-checkManifestLockResult.txt",
			);
			runOnlyForDeploymentPostprocessing = 0;
			shellPath = /bin/sh;
			shellScript = "diff \"${PODS_PODFILE_DIR_PATH}/Podfile.lock\" \"${PODS_ROOT}/Manifest.lock\" > /dev/null\nif [ $? != 0 ] ; then\n    # print error to STDERR\n    echo \"error: The sandbox is not in sync with the Podfile.lock. Run 'pod install' or update your CocoaPods installation.\" >&2\n    exit 1\nfi\n# This output is used by Xcode 'outputs' to avoid re-running this script phase.\necho \"SUCCESS\" > \"${SCRIPT_OUTPUT_FILE_0}\"\n";
			showEnvVarsInLog = 0;
		};
		730175A48C2190B29876AB67 /* [CP] Embed Pods Frameworks */ = {
			isa = PBXShellScriptBuildPhase;
			buildActionMask = 2147483647;
			files = (
			);
			inputPaths = (
			);
			name = "[CP] Embed Pods Frameworks";
			outputPaths = (
			);
			runOnlyForDeploymentPostprocessing = 0;
			shellPath = /bin/sh;
			shellScript = "\"${SRCROOT}/Pods/Target Support Files/Pods-base/Pods-base-frameworks.sh\"\n";
			showEnvVarsInLog = 0;
		};
		7F7C91105384B99D050D66F2 /* [CP] Embed Pods Frameworks */ = {
			isa = PBXShellScriptBuildPhase;
			buildActionMask = 2147483647;
			files = (
			);
			inputPaths = (
			);
			name = "[CP] Embed Pods Frameworks";
			outputPaths = (
			);
			runOnlyForDeploymentPostprocessing = 0;
			shellPath = /bin/sh;
			shellScript = "\"${SRCROOT}/Pods/Target Support Files/Pods-baseTests/Pods-baseTests-frameworks.sh\"\n";
			showEnvVarsInLog = 0;
		};
		9C136CCDB0F7F9885C4856F3 /* [CP] Embed Pods Frameworks */ = {
			isa = PBXShellScriptBuildPhase;
			buildActionMask = 2147483647;
			files = (
			);
			inputPaths = (
			);
			name = "[CP] Embed Pods Frameworks";
			outputPaths = (
			);
			runOnlyForDeploymentPostprocessing = 0;
			shellPath = /bin/sh;
			shellScript = "\"${SRCROOT}/Pods/Target Support Files/Pods-baseUITests/Pods-baseUITests-frameworks.sh\"\n";
			showEnvVarsInLog = 0;
		};
		A2419C4EE76899E6BF3B279E /* [CP] Copy Pods Resources */ = {
			isa = PBXShellScriptBuildPhase;
			buildActionMask = 2147483647;
			files = (
			);
			inputPaths = (
			);
			name = "[CP] Copy Pods Resources";
			outputPaths = (
			);
			runOnlyForDeploymentPostprocessing = 0;
			shellPath = /bin/sh;
			shellScript = "\"${SRCROOT}/Pods/Target Support Files/Pods-baseTests/Pods-baseTests-resources.sh\"\n";
			showEnvVarsInLog = 0;
		};
		A6687211CE5E87AF32AE15C5 /* [CP] Copy Pods Resources */ = {
			isa = PBXShellScriptBuildPhase;
			buildActionMask = 2147483647;
			files = (
			);
			inputPaths = (
				"${SRCROOT}/Pods/Target Support Files/Pods-base/Pods-base-resources.sh",
				"${PODS_CONFIGURATION_BUILD_DIR}/Braintree/Braintree-UI-Localization.bundle",
				"${PODS_CONFIGURATION_BUILD_DIR}/Braintree/Braintree-Drop-In-Localization.bundle",
				"${PODS_CONFIGURATION_BUILD_DIR}/DebugBall/DebugBall.bundle",
				"${PODS_ROOT}/MJRefresh/MJRefresh/MJRefresh.bundle",
				"${PODS_ROOT}/QMUIKit/QMUIKit/UIResources/QMUIResources.bundle",
				"${PODS_ROOT}/QMUIKit/QMUIKit/UIResources/QMUI_QQEmotion.bundle",
			);
			name = "[CP] Copy Pods Resources";
			outputPaths = (
				"${TARGET_BUILD_DIR}/${UNLOCALIZED_RESOURCES_FOLDER_PATH}/Braintree-UI-Localization.bundle",
				"${TARGET_BUILD_DIR}/${UNLOCALIZED_RESOURCES_FOLDER_PATH}/Braintree-Drop-In-Localization.bundle",
				"${TARGET_BUILD_DIR}/${UNLOCALIZED_RESOURCES_FOLDER_PATH}/DebugBall.bundle",
				"${TARGET_BUILD_DIR}/${UNLOCALIZED_RESOURCES_FOLDER_PATH}/MJRefresh.bundle",
				"${TARGET_BUILD_DIR}/${UNLOCALIZED_RESOURCES_FOLDER_PATH}/QMUIResources.bundle",
				"${TARGET_BUILD_DIR}/${UNLOCALIZED_RESOURCES_FOLDER_PATH}/QMUI_QQEmotion.bundle",
			);
			runOnlyForDeploymentPostprocessing = 0;
			shellPath = /bin/sh;
			shellScript = "\"${SRCROOT}/Pods/Target Support Files/Pods-base/Pods-base-resources.sh\"\n";
			showEnvVarsInLog = 0;
		};
		C62933861B5AF03C391802EF /* [CP] Check Pods Manifest.lock */ = {
			isa = PBXShellScriptBuildPhase;
			buildActionMask = 2147483647;
			files = (
			);
			inputPaths = (
				"${PODS_PODFILE_DIR_PATH}/Podfile.lock",
				"${PODS_ROOT}/Manifest.lock",
			);
			name = "[CP] Check Pods Manifest.lock";
			outputPaths = (
				"$(DERIVED_FILE_DIR)/Pods-base-checkManifestLockResult.txt",
			);
			runOnlyForDeploymentPostprocessing = 0;
			shellPath = /bin/sh;
			shellScript = "diff \"${PODS_PODFILE_DIR_PATH}/Podfile.lock\" \"${PODS_ROOT}/Manifest.lock\" > /dev/null\nif [ $? != 0 ] ; then\n    # print error to STDERR\n    echo \"error: The sandbox is not in sync with the Podfile.lock. Run 'pod install' or update your CocoaPods installation.\" >&2\n    exit 1\nfi\n# This output is used by Xcode 'outputs' to avoid re-running this script phase.\necho \"SUCCESS\" > \"${SCRIPT_OUTPUT_FILE_0}\"\n";
			showEnvVarsInLog = 0;
		};
/* End PBXShellScriptBuildPhase section */

/* Begin PBXSourcesBuildPhase section */
		B78FC4531E6E8BCE007F33CA /* Sources */ = {
			isa = PBXSourcesBuildPhase;
			buildActionMask = 2147483647;
			files = (
				B757C91E1E7280F30081C4CF /* Network.m in Sources */,
				B78FC4D21E715949007F33CA /* BaseTmpNetworkStorage.m in Sources */,
				B708A34C1E8BC69D00D1AA57 /* InteractivePopDelegateProxy.m in Sources */,
				B7C7392E1ED6867800FCC28A /* RACSignal+ResponseToModel.m in Sources */,
				B7BC61091E83A21800859FE6 /* LoadingIndicatorTableViewController.m in Sources */,
				B7534FA51EA0A72A00C94516 /* AccessToken.m in Sources */,
				D39D724B1F330E0500C240EE /* NoMoreProductsView.m in Sources */,
				B7C738CF1ECBF77300FCC28A /* MarginLabel.m in Sources */,
				B7C739001ED426D100FCC28A /* BaseLauncher.m in Sources */,
				B78FC4601E6E8BCE007F33CA /* AppDelegate.m in Sources */,
				D3D51B0B2079B2E7009316A5 /* UIFont+LQFont.m in Sources */,
				D347F4C61F3D43F100878AE4 /* UIView+ReloadAnimation.m in Sources */,
				B78FC48D1E6E93F5007F33CA /* PagingViewController.m in Sources */,
				B7FFA9D61E8DF62B0070C6A2 /* NetworkLoadingViewController.m in Sources */,
				B7BC60F31E835CCA00859FE6 /* UIView+LoadingIndicator.m in Sources */,
				B7160DC41EAF64FE00A55702 /* WebsiteDataStore.m in Sources */,
				B7F15EFC1EA5B5ED00C18CD4 /* NSError+Networking.m in Sources */,
				B7BC61221E84CB9600859FE6 /* UIView+SeparatorLine.m in Sources */,
				B7BE351E1EE568F500FD1296 /* URLManager.m in Sources */,
				B76BB4141E9F59E700F1EC6A /* RouterManager.m in Sources */,
				B7A89CF91E7B74170020F186 /* util.m in Sources */,
				B7BC61251E84D1F000859FE6 /* DrilldropViewController.m in Sources */,
				B7BC61001E8379B800859FE6 /* UICollectionReusableView+LoadingIndicator.m in Sources */,
				D39D72481F330D7400C240EE /* RefreshActivityIndicatorViewFooter.m in Sources */,
				B78FC4CF1E715464007F33CA /* BaseStorage.m in Sources */,
				B7A89C851E76A4E20020F186 /* CustomNavigationBarTableViewController.m in Sources */,
				B7FFA9DF1E8E67CF0070C6A2 /* NetworkFailedView.m in Sources */,
				B7534FAF1EA0B55800C94516 /* SeparatorTextView.m in Sources */,
				B78FC4A71E6F9DB7007F33CA /* UIColor+BaseStyle.m in Sources */,
				B78FC4C81E70F8F7007F33CA /* AFHTTPSessionManager+BaseRACSupports.m in Sources */,
				B7BC61031E837A8800859FE6 /* UITableViewHeaderFooterView+LoadingIndicator.m in Sources */,
				B708A34F1E8CB4CA00D1AA57 /* UINavigationController+Base.m in Sources */,
				B7A89CFC1E7B765F0020F186 /* GIFViewController.m in Sources */,
				B708A3491E8BC4EF00D1AA57 /* CNBViewController.m in Sources */,
				B7C738CC1ECBF6C800FCC28A /* CustomAlertViewController.m in Sources */,
				B7BC60E81E827B4000859FE6 /* UIView+NetworkFailed.m in Sources */,
				B7C739061ED4313A00FCC28A /* AppIdentifier.m in Sources */,
				B76BB4081E9F59E000F1EC6A /* RouterRequest.m in Sources */,
				B76BB4121E9F59E700F1EC6A /* RouterRegistry.m in Sources */,
				B7534FB21EA0B57900C94516 /* CoreTextField.m in Sources */,
				B78FC4AC1E6FA65F007F33CA /* UIButton+BaseCreation.m in Sources */,
				B775BEBA1EAB5DF1003EBABC /* ProfileAutoLoader.m in Sources */,
				B7511E281EA9E5F200A5A972 /* Profile.m in Sources */,
				B7FFA9DC1E8E66E90070C6A2 /* DrilldropMenuView.m in Sources */,
				D351415B1FE2413900046D66 /* AZAlert.m in Sources */,
				B7BC60FA1E8373A900859FE6 /* UITableViewCell+LoadingIndicator.m in Sources */,
				B7534FAA1EA0B25800C94516 /* NSString+Validation.m in Sources */,
				B7F15EF91EA5AA1900C18CD4 /* BaseHTTPSessionManager.m in Sources */,
				B7C739031ED42B7000FCC28A /* RACSignal+NSURLError.m in Sources */,
				B7FFA9DB1E8E66E90070C6A2 /* DrilldropMenuItem.m in Sources */,
				B7A89CE11E7AC4150020F186 /* UIApplication+Base.m in Sources */,
				B7FFA9D31E8DEE310070C6A2 /* UIView+NetworkLoading.m in Sources */,
				B78FC45D1E6E8BCE007F33CA /* main.m in Sources */,
				B7A89C841E76A4E20020F186 /* CustomNavigationBarViewController.m in Sources */,
				B7C738FD1ED4091F00FCC28A /* UserAgent.m in Sources */,
				B7BC61191E84BE6C00859FE6 /* NSString+Base.m in Sources */,
				B7C7393B1ED8125700FCC28A /* UIScrollView+Loading.m in Sources */,
				B7BC60EC1E827C4600859FE6 /* UIViewController+NetworkFailed.m in Sources */,
				B7FFA9E21E8E6A860070C6A2 /* BaseNavigationController.m in Sources */,
				B78FC4A81E6F9DB7007F33CA /* UIFont+BaseStyle.m in Sources */,
				B78FC4AF1E6FA722007F33CA /* BasePagingView.m in Sources */,
				B7BC60F71E83617000859FE6 /* UIImageView+Loading.m in Sources */,
				B7429F781EACA451001B1C97 /* RACSignal+Util.m in Sources */,
			);
			runOnlyForDeploymentPostprocessing = 0;
		};
		B78FC4651E6E8BCE007F33CA /* Sources */ = {
			isa = PBXSourcesBuildPhase;
			buildActionMask = 2147483647;
			files = (
				B78FC46E1E6E8BCE007F33CA /* baseTests.m in Sources */,
				B7534FAC1EA0B39F00C94516 /* RegexTests.m in Sources */,
			);
			runOnlyForDeploymentPostprocessing = 0;
		};
		B78FC4701E6E8BCE007F33CA /* Sources */ = {
			isa = PBXSourcesBuildPhase;
			buildActionMask = 2147483647;
			files = (
				B78FC4791E6E8BCE007F33CA /* baseUITests.m in Sources */,
			);
			runOnlyForDeploymentPostprocessing = 0;
		};
/* End PBXSourcesBuildPhase section */

/* Begin PBXTargetDependency section */
		B78FC46B1E6E8BCE007F33CA /* PBXTargetDependency */ = {
			isa = PBXTargetDependency;
			target = B78FC4561E6E8BCE007F33CA /* base */;
			targetProxy = B78FC46A1E6E8BCE007F33CA /* PBXContainerItemProxy */;
		};
		B78FC4761E6E8BCE007F33CA /* PBXTargetDependency */ = {
			isa = PBXTargetDependency;
			target = B78FC4561E6E8BCE007F33CA /* base */;
			targetProxy = B78FC4751E6E8BCE007F33CA /* PBXContainerItemProxy */;
		};
/* End PBXTargetDependency section */

/* Begin XCBuildConfiguration section */
		B78FC47B1E6E8BCE007F33CA /* Debug */ = {
			isa = XCBuildConfiguration;
			buildSettings = {
				ALWAYS_SEARCH_USER_PATHS = NO;
				CLANG_ANALYZER_NONNULL = YES;
				CLANG_CXX_LANGUAGE_STANDARD = "gnu++0x";
				CLANG_CXX_LIBRARY = "libc++";
				CLANG_ENABLE_MODULES = YES;
				CLANG_ENABLE_OBJC_ARC = YES;
				CLANG_WARN_BLOCK_CAPTURE_AUTORELEASING = YES;
				CLANG_WARN_BOOL_CONVERSION = YES;
				CLANG_WARN_COMMA = YES;
				CLANG_WARN_CONSTANT_CONVERSION = YES;
				CLANG_WARN_DEPRECATED_OBJC_IMPLEMENTATIONS = YES;
				CLANG_WARN_DIRECT_OBJC_ISA_USAGE = YES_ERROR;
				CLANG_WARN_DOCUMENTATION_COMMENTS = YES;
				CLANG_WARN_EMPTY_BODY = YES;
				CLANG_WARN_ENUM_CONVERSION = YES;
				CLANG_WARN_INFINITE_RECURSION = YES;
				CLANG_WARN_INT_CONVERSION = YES;
				CLANG_WARN_NON_LITERAL_NULL_CONVERSION = YES;
				CLANG_WARN_OBJC_IMPLICIT_RETAIN_SELF = YES;
				CLANG_WARN_OBJC_LITERAL_CONVERSION = YES;
				CLANG_WARN_OBJC_ROOT_CLASS = YES_ERROR;
				CLANG_WARN_RANGE_LOOP_ANALYSIS = YES;
				CLANG_WARN_STRICT_PROTOTYPES = YES;
				CLANG_WARN_SUSPICIOUS_MOVE = YES;
				CLANG_WARN_UNREACHABLE_CODE = YES;
				CLANG_WARN__DUPLICATE_METHOD_MATCH = YES;
				"CODE_SIGN_IDENTITY[sdk=iphoneos*]" = "iPhone Developer";
				COPY_PHASE_STRIP = NO;
				DEBUG_INFORMATION_FORMAT = dwarf;
				ENABLE_STRICT_OBJC_MSGSEND = YES;
				ENABLE_TESTABILITY = YES;
				GCC_C_LANGUAGE_STANDARD = gnu99;
				GCC_DYNAMIC_NO_PIC = NO;
				GCC_NO_COMMON_BLOCKS = YES;
				GCC_OPTIMIZATION_LEVEL = 0;
				GCC_PREPROCESSOR_DEFINITIONS = (
					"DEBUG=1",
					"$(inherited)",
				);
				GCC_WARN_64_TO_32_BIT_CONVERSION = YES;
				GCC_WARN_ABOUT_RETURN_TYPE = YES_ERROR;
				GCC_WARN_UNDECLARED_SELECTOR = YES;
				GCC_WARN_UNINITIALIZED_AUTOS = YES_AGGRESSIVE;
				GCC_WARN_UNUSED_FUNCTION = YES;
				GCC_WARN_UNUSED_VARIABLE = YES;
				IPHONEOS_DEPLOYMENT_TARGET = 10.2;
				MTL_ENABLE_DEBUG_INFO = YES;
				ONLY_ACTIVE_ARCH = YES;
				SDKROOT = iphoneos;
			};
			name = Debug;
		};
		B78FC47C1E6E8BCE007F33CA /* Release */ = {
			isa = XCBuildConfiguration;
			buildSettings = {
				ALWAYS_SEARCH_USER_PATHS = NO;
				CLANG_ANALYZER_NONNULL = YES;
				CLANG_CXX_LANGUAGE_STANDARD = "gnu++0x";
				CLANG_CXX_LIBRARY = "libc++";
				CLANG_ENABLE_MODULES = YES;
				CLANG_ENABLE_OBJC_ARC = YES;
				CLANG_WARN_BLOCK_CAPTURE_AUTORELEASING = YES;
				CLANG_WARN_BOOL_CONVERSION = YES;
				CLANG_WARN_COMMA = YES;
				CLANG_WARN_CONSTANT_CONVERSION = YES;
				CLANG_WARN_DEPRECATED_OBJC_IMPLEMENTATIONS = YES;
				CLANG_WARN_DIRECT_OBJC_ISA_USAGE = YES_ERROR;
				CLANG_WARN_DOCUMENTATION_COMMENTS = YES;
				CLANG_WARN_EMPTY_BODY = YES;
				CLANG_WARN_ENUM_CONVERSION = YES;
				CLANG_WARN_INFINITE_RECURSION = YES;
				CLANG_WARN_INT_CONVERSION = YES;
				CLANG_WARN_NON_LITERAL_NULL_CONVERSION = YES;
				CLANG_WARN_OBJC_IMPLICIT_RETAIN_SELF = YES;
				CLANG_WARN_OBJC_LITERAL_CONVERSION = YES;
				CLANG_WARN_OBJC_ROOT_CLASS = YES_ERROR;
				CLANG_WARN_RANGE_LOOP_ANALYSIS = YES;
				CLANG_WARN_STRICT_PROTOTYPES = YES;
				CLANG_WARN_SUSPICIOUS_MOVE = YES;
				CLANG_WARN_UNREACHABLE_CODE = YES;
				CLANG_WARN__DUPLICATE_METHOD_MATCH = YES;
				"CODE_SIGN_IDENTITY[sdk=iphoneos*]" = "iPhone Developer";
				COPY_PHASE_STRIP = NO;
				DEBUG_INFORMATION_FORMAT = "dwarf-with-dsym";
				ENABLE_NS_ASSERTIONS = NO;
				ENABLE_STRICT_OBJC_MSGSEND = YES;
				GCC_C_LANGUAGE_STANDARD = gnu99;
				GCC_NO_COMMON_BLOCKS = YES;
				GCC_WARN_64_TO_32_BIT_CONVERSION = YES;
				GCC_WARN_ABOUT_RETURN_TYPE = YES_ERROR;
				GCC_WARN_UNDECLARED_SELECTOR = YES;
				GCC_WARN_UNINITIALIZED_AUTOS = YES_AGGRESSIVE;
				GCC_WARN_UNUSED_FUNCTION = YES;
				GCC_WARN_UNUSED_VARIABLE = YES;
				IPHONEOS_DEPLOYMENT_TARGET = 10.2;
				MTL_ENABLE_DEBUG_INFO = NO;
				SDKROOT = iphoneos;
				VALIDATE_PRODUCT = YES;
			};
			name = Release;
		};
		B78FC47E1E6E8BCE007F33CA /* Debug */ = {
			isa = XCBuildConfiguration;
			baseConfigurationReference = 0C6EF52B57F2C0273C9B3B00 /* Pods-base.debug.xcconfig */;
			buildSettings = {
				ASSETCATALOG_COMPILER_APPICON_NAME = AppIcon;
				ASSETCATALOG_COMPILER_LAUNCHIMAGE_NAME = LaunchImage;
				DEVELOPMENT_TEAM = 4U3FXNPP7Z;
				INFOPLIST_FILE = base/Info.plist;
				IPHONEOS_DEPLOYMENT_TARGET = 8.0;
				LD_RUNPATH_SEARCH_PATHS = "$(inherited) @executable_path/Frameworks";
				PRODUCT_BUNDLE_IDENTIFIER = com.azazie.component.base;
				PRODUCT_NAME = "$(TARGET_NAME)";
				PROVISIONING_PROFILE = "899b0fb6-8556-4e9b-a08f-03c48449087b";
				PROVISIONING_PROFILE_SPECIFIER = Demo_dev;
			};
			name = Debug;
		};
		B78FC47F1E6E8BCE007F33CA /* Release */ = {
			isa = XCBuildConfiguration;
			baseConfigurationReference = 9187FC09986539714AB4644B /* Pods-base.release.xcconfig */;
			buildSettings = {
				ASSETCATALOG_COMPILER_APPICON_NAME = AppIcon;
				ASSETCATALOG_COMPILER_LAUNCHIMAGE_NAME = LaunchImage;
				"CODE_SIGN_IDENTITY[sdk=iphoneos*]" = "iPhone Distribution";
				DEVELOPMENT_TEAM = 4U3FXNPP7Z;
				INFOPLIST_FILE = base/Info.plist;
				IPHONEOS_DEPLOYMENT_TARGET = 8.0;
				LD_RUNPATH_SEARCH_PATHS = "$(inherited) @executable_path/Frameworks";
				PRODUCT_BUNDLE_IDENTIFIER = com.azazie.component.base;
				PRODUCT_NAME = "$(TARGET_NAME)";
				PROVISIONING_PROFILE = "4b96c33f-8484-4709-991d-0e5d83618a53";
				PROVISIONING_PROFILE_SPECIFIER = Demo_Ad_hoc;
			};
			name = Release;
		};
		B78FC4811E6E8BCE007F33CA /* Debug */ = {
			isa = XCBuildConfiguration;
			baseConfigurationReference = C1DE84AC6B689A507B2993C0 /* Pods-baseTests.debug.xcconfig */;
			buildSettings = {
				BUNDLE_LOADER = "$(TEST_HOST)";
				DEVELOPMENT_TEAM = 4U3FXNPP7Z;
				INFOPLIST_FILE = baseTests/Info.plist;
				LD_RUNPATH_SEARCH_PATHS = "$(inherited) @executable_path/Frameworks @loader_path/Frameworks";
				PRODUCT_BUNDLE_IDENTIFIER = com.azazie.component.baseTests;
				PRODUCT_NAME = "$(TARGET_NAME)";
				TEST_HOST = "$(BUILT_PRODUCTS_DIR)/base.app/base";
			};
			name = Debug;
		};
		B78FC4821E6E8BCE007F33CA /* Release */ = {
			isa = XCBuildConfiguration;
			baseConfigurationReference = 0203042314BE48AA0EAD21B2 /* Pods-baseTests.release.xcconfig */;
			buildSettings = {
				BUNDLE_LOADER = "$(TEST_HOST)";
				DEVELOPMENT_TEAM = 4U3FXNPP7Z;
				INFOPLIST_FILE = baseTests/Info.plist;
				LD_RUNPATH_SEARCH_PATHS = "$(inherited) @executable_path/Frameworks @loader_path/Frameworks";
				PRODUCT_BUNDLE_IDENTIFIER = com.azazie.component.baseTests;
				PRODUCT_NAME = "$(TARGET_NAME)";
				TEST_HOST = "$(BUILT_PRODUCTS_DIR)/base.app/base";
			};
			name = Release;
		};
		B78FC4841E6E8BCE007F33CA /* Debug */ = {
			isa = XCBuildConfiguration;
			baseConfigurationReference = 2FCD6C2B78FB47E19896D5C9 /* Pods-baseUITests.debug.xcconfig */;
			buildSettings = {
				DEVELOPMENT_TEAM = 4U3FXNPP7Z;
				INFOPLIST_FILE = baseUITests/Info.plist;
				LD_RUNPATH_SEARCH_PATHS = "$(inherited) @executable_path/Frameworks @loader_path/Frameworks";
				PRODUCT_BUNDLE_IDENTIFIER = com.azazie.component.baseUITests;
				PRODUCT_NAME = "$(TARGET_NAME)";
				TEST_TARGET_NAME = base;
			};
			name = Debug;
		};
		B78FC4851E6E8BCE007F33CA /* Release */ = {
			isa = XCBuildConfiguration;
			baseConfigurationReference = F75AF287A40D8E8E7B8E59A4 /* Pods-baseUITests.release.xcconfig */;
			buildSettings = {
				DEVELOPMENT_TEAM = 4U3FXNPP7Z;
				INFOPLIST_FILE = baseUITests/Info.plist;
				LD_RUNPATH_SEARCH_PATHS = "$(inherited) @executable_path/Frameworks @loader_path/Frameworks";
				PRODUCT_BUNDLE_IDENTIFIER = com.azazie.component.baseUITests;
				PRODUCT_NAME = "$(TARGET_NAME)";
				TEST_TARGET_NAME = base;
			};
			name = Release;
		};
/* End XCBuildConfiguration section */

/* Begin XCConfigurationList section */
		B78FC4521E6E8BCE007F33CA /* Build configuration list for PBXProject "base" */ = {
			isa = XCConfigurationList;
			buildConfigurations = (
				B78FC47B1E6E8BCE007F33CA /* Debug */,
				B78FC47C1E6E8BCE007F33CA /* Release */,
			);
			defaultConfigurationIsVisible = 0;
			defaultConfigurationName = Release;
		};
		B78FC47D1E6E8BCE007F33CA /* Build configuration list for PBXNativeTarget "base" */ = {
			isa = XCConfigurationList;
			buildConfigurations = (
				B78FC47E1E6E8BCE007F33CA /* Debug */,
				B78FC47F1E6E8BCE007F33CA /* Release */,
			);
			defaultConfigurationIsVisible = 0;
			defaultConfigurationName = Release;
		};
		B78FC4801E6E8BCE007F33CA /* Build configuration list for PBXNativeTarget "baseTests" */ = {
			isa = XCConfigurationList;
			buildConfigurations = (
				B78FC4811E6E8BCE007F33CA /* Debug */,
				B78FC4821E6E8BCE007F33CA /* Release */,
			);
			defaultConfigurationIsVisible = 0;
			defaultConfigurationName = Release;
		};
		B78FC4831E6E8BCE007F33CA /* Build configuration list for PBXNativeTarget "baseUITests" */ = {
			isa = XCConfigurationList;
			buildConfigurations = (
				B78FC4841E6E8BCE007F33CA /* Debug */,
				B78FC4851E6E8BCE007F33CA /* Release */,
			);
			defaultConfigurationIsVisible = 0;
			defaultConfigurationName = Release;
		};
/* End XCConfigurationList section */
	};
	rootObject = B78FC44F1E6E8BCE007F33CA /* Project object */;
}
